<?xml version="1.0" encoding="utf-8"?>
<Project ToolsVersion="4.0" xmlns="http://schemas.microsoft.com/developer/msbuild/2003">
  <ItemGroup>
    <Filter Include="Source Files">
      <UniqueIdentifier>{4FC737F1-C7A5-4376-A066-2A32D752A2FF}</UniqueIdentifier>
      <Extensions>cpp;c;cc;cxx;def;odl;idl;hpj;bat;asm;asmx</Extensions>
    </Filter>
    <Filter Include="Header Files">
      <UniqueIdentifier>{93995380-89BD-4b04-88EB-625FBE52EBFB}</UniqueIdentifier>
      <Extensions>h;hh;hpp;hxx;hm;inl;inc;xsd</Extensions>
    </Filter>
    <Filter Include="Resource Files">
      <UniqueIdentifier>{67DA6AB6-F800-4c08-8B7A-83BB121AAD01}</UniqueIdentifier>
      <Extensions>rc;ico;cur;bmp;dlg;rc2;rct;bin;rgs;gif;jpg;jpeg;jpe;resx;tiff;tif;png;wav;mfcribbon-ms</Extensions>
    </Filter>
  </ItemGroup>
  <ItemGroup>
    <ClInclude Include="..\..\CGLA\ArithMatFloat.h">
      <Filter>Header Files</Filter>
    </ClInclude>
    <ClInclude Include="..\..\CGLA\ArithQuat.h">
      <Filter>Header Files</Filter>
    </ClInclude>
    <ClInclude Include="..\..\CGLA\ArithSqMat2x2Float.h">
      <Filter>Header Files</Filter>
    </ClInclude>
    <ClInclude Include="..\..\CGLA\ArithSqMat3x3Float.h">
      <Filter>Header Files</Filter>
    </ClInclude>
    <ClInclude Include="..\..\CGLA\ArithSqMat4x4Float.h">
      <Filter>Header Files</Filter>
    </ClInclude>
    <ClInclude Include="..\..\CGLA\ArithSqMatFloat.h">
      <Filter>Header Files</Filter>
    </ClInclude>
    <ClInclude Include="..\..\CGLA\ArithVec.h">
      <Filter>Header Files</Filter>
    </ClInclude>
    <ClInclude Include="..\..\CGLA\ArithVec2Float.h">
      <Filter>Header Files</Filter>
    </ClInclude>
    <ClInclude Include="..\..\CGLA\ArithVec3Float.h">
      <Filter>Header Files</Filter>
    </ClInclude>
    <ClInclude Include="..\..\CGLA\ArithVec3Int.h">
      <Filter>Header Files</Filter>
    </ClInclude>
    <ClInclude Include="..\..\CGLA\ArithVec4Float.h">
      <Filter>Header Files</Filter>
    </ClInclude>
    <ClInclude Include="..\..\CGLA\ArithVec4Int.h">
      <Filter>Header Files</Filter>
    </ClInclude>
    <ClInclude Include="..\..\CGLA\ArithVecFloat.h">
      <Filter>Header Files</Filter>
    </ClInclude>
    <ClInclude Include="..\..\CGLA\ArithVecInt.h">
      <Filter>Header Files</Filter>
    </ClInclude>
    <ClInclude Include="..\..\CGLA\BitMask.h">
      <Filter>Header Files</Filter>
    </ClInclude>
    <ClInclude Include="..\..\CGLA\CGLA.h">
      <Filter>Header Files</Filter>
    </ClInclude>
    <ClInclude Include="..\..\CGLA\eigensolution.h">
      <Filter>Header Files</Filter>
    </ClInclude>
    <ClInclude Include="..\..\CGLA\ExceptionStandard.h">
      <Filter>Header Files</Filter>
    </ClInclude>
    <ClInclude Include="..\..\CGLA\Mat2x2d.h">
      <Filter>Header Files</Filter>
    </ClInclude>
    <ClInclude Include="..\..\CGLA\Mat2x2f.h">
      <Filter>Header Files</Filter>
    </ClInclude>
    <ClInclude Include="..\..\CGLA\Mat2x3d.h">
      <Filter>Header Files</Filter>
    </ClInclude>
    <ClInclude Include="..\..\CGLA\Mat2x3f.h">
      <Filter>Header Files</Filter>
    </ClInclude>
    <ClInclude Include="..\..\CGLA\Mat3x3d.h">
      <Filter>Header Files</Filter>
    </ClInclude>
    <ClInclude Include="..\..\CGLA\Mat3x3f.h">
      <Filter>Header Files</Filter>
    </ClInclude>
    <ClInclude Include="..\..\CGLA\Mat4x4d.h">
      <Filter>Header Files</Filter>
    </ClInclude>
    <ClInclude Include="..\..\CGLA\Mat4x4f.h">
      <Filter>Header Files</Filter>
    </ClInclude>
    <ClInclude Include="..\..\CGLA\Quatd.h">
      <Filter>Header Files</Filter>
    </ClInclude>
    <ClInclude Include="..\..\CGLA\Quaternion.h">
      <Filter>Header Files</Filter>
    </ClInclude>
    <ClInclude Include="..\..\CGLA\Quatf.h">
      <Filter>Header Files</Filter>
    </ClInclude>
    <ClInclude Include="..\..\CGLA\statistics.h">
      <Filter>Header Files</Filter>
    </ClInclude>
    <ClInclude Include="..\..\CGLA\TableTrigonometry.h">
      <Filter>Header Files</Filter>
    </ClInclude>
    <ClInclude Include="..\..\CGLA\UnitVector.h">
      <Filter>Header Files</Filter>
    </ClInclude>
    <ClInclude Include="..\..\CGLA\Vec2d.h">
      <Filter>Header Files</Filter>
    </ClInclude>
    <ClInclude Include="..\..\CGLA\Vec2f.h">
      <Filter>Header Files</Filter>
    </ClInclude>
    <ClInclude Include="..\..\CGLA\Vec2i.h">
      <Filter>Header Files</Filter>
    </ClInclude>
    <ClInclude Include="..\..\CGLA\Vec2ui.h">
      <Filter>Header Files</Filter>
    </ClInclude>
    <ClInclude Include="..\..\CGLA\Vec3d.h">
      <Filter>Header Files</Filter>
    </ClInclude>
    <ClInclude Include="..\..\CGLA\Vec3f.h">
      <Filter>Header Files</Filter>
    </ClInclude>
    <ClInclude Include="..\..\CGLA\Vec3Hf.h">
      <Filter>Header Files</Filter>
    </ClInclude>
    <ClInclude Include="..\..\CGLA\Vec3i.h">
      <Filter>Header Files</Filter>
    </ClInclude>
    <ClInclude Include="..\..\CGLA\Vec3uc.h">
      <Filter>Header Files</Filter>
    </ClInclude>
    <ClInclude Include="..\..\CGLA\Vec3usi.h">
      <Filter>Header Files</Filter>
    </ClInclude>
    <ClInclude Include="..\..\CGLA\Vec4d.h">
      <Filter>Header Files</Filter>
    </ClInclude>
    <ClInclude Include="..\..\CGLA\Vec4f.h">
      <Filter>Header Files</Filter>
    </ClInclude>
    <ClInclude Include="..\..\CGLA\Vec4i.h">
      <Filter>Header Files</Filter>
    </ClInclude>
    <ClInclude Include="..\..\CGLA\Vec4uc.h">
      <Filter>Header Files</Filter>
    </ClInclude>
  </ItemGroup>
  <ItemGroup>
    <ClCompile Include="..\..\CGLA\ArithSqMat3x3Float.cpp">
      <Filter>Source Files</Filter>
    </ClCompile>
    <ClCompile Include="..\..\CGLA\ArithSqMat4x4Float.cpp">
      <Filter>Source Files</Filter>
    </ClCompile>
    <ClCompile Include="..\..\CGLA\ArithVec2Float.cpp">
      <Filter>Source Files</Filter>
    </ClCompile>
    <ClCompile Include="..\..\CGLA\ArithVec3Float.cpp">
      <Filter>Source Files</Filter>
    </ClCompile>
    <ClCompile Include="..\..\CGLA\eigensolution.cpp">
      <Filter>Source Files</Filter>
    </ClCompile>
    <ClCompile Include="..\..\CGLA\gel_rand.cpp">
      <Filter>Source Files</Filter>
    </ClCompile>
    <ClCompile Include="..\..\CGLA\Mat3x3d.cpp">
      <Filter>Source Files</Filter>
    </ClCompile>
    <ClCompile Include="..\..\CGLA\Mat3x3f.cpp">
      <Filter>Source Files</Filter>
    </ClCompile>
    <ClCompile Include="..\..\CGLA\Mat4x4d.cpp">
      <Filter>Source Files</Filter>
    </ClCompile>
    <ClCompile Include="..\..\CGLA\Mat4x4f.cpp">
      <Filter>Source Files</Filter>
    </ClCompile>
    <ClCompile Include="..\..\CGLA\statistics.cpp">
      <Filter>Source Files</Filter>
    </ClCompile>
    <ClCompile Include="..\..\CGLA\TableTrigonometry.cpp">
      <Filter>Source Files</Filter>
    </ClCompile>
    <ClCompile Include="..\..\CGLA\Vec2i.cpp">
      <Filter>Source Files</Filter>
    </ClCompile>
    <ClCompile Include="..\..\CGLA\Vec3f.cpp">
      <Filter>Source Files</Filter>
    </ClCompile>
    <ClCompile Include="..\..\CGLA\Vec3i.cpp">
      <Filter>Source Files</Filter>
    </ClCompile>
  </ItemGroup>
  <ItemGroup>
    <None Include="..\..\CGLA\intro.pdf" />
  </ItemGroup>
</Project>