// !$*UTF8*$!
{
	archiveVersion = 1;
	classes = {
	};
	objectVersion = 46;
	objects = {

/* Begin PBXBuildFile section */
		7A3438C1183C6D2700829EEB /* attributes.h in Headers */ = {isa = PBXBuildFile; fileRef = 7A3438BF183C6D2700829EEB /* attributes.h */; };
		7A3438C2183C6D2700829EEB /* mesh_io.h in Headers */ = {isa = PBXBuildFile; fileRef = 7A3438C0183C6D2700829EEB /* mesh_io.h */; };
		7A3438C4183C75B100829EEB /* mesh_io.cpp in Sources */ = {isa = PBXBuildFile; fileRef = 7A3438C3183C75B100829EEB /* mesh_io.cpp */; };
		7A3438D3183C7A9600829EEB /* predicates.cxx in Sources */ = {isa = PBXBuildFile; fileRef = 7A3438CF183C7A9600829EEB /* predicates.cxx */; };
		7A3438D4183C7A9600829EEB /* tetgen.cxx in Sources */ = {isa = PBXBuildFile; fileRef = 7A3438D1183C7A9600829EEB /* tetgen.cxx */; };
		7A3438D5183C7A9600829EEB /* tetgen.h in Headers */ = {isa = PBXBuildFile; fileRef = 7A3438D2183C7A9600829EEB /* tetgen.h */; };
		7A3438E8183C7B7800829EEB /* generator.cpp in Sources */ = {isa = PBXBuildFile; fileRef = 7A3438E3183C7B7800829EEB /* generator.cpp */; };
		7A3438EA183C7B7800829EEB /* tetralizer.cpp in Sources */ = {isa = PBXBuildFile; fileRef = 7A3438E6183C7B7800829EEB /* tetralizer.cpp */; };
		7A3438EB183C7BA700829EEB /* libTetGen.a in Frameworks */ = {isa = PBXBuildFile; fileRef = 7A3438C9183C7A8700829EEB /* libTetGen.a */; };
		7A45DB9C176E122100B9B388 /* key.h in Headers */ = {isa = PBXBuildFile; fileRef = 7A45DB8F176E122100B9B388 /* key.h */; };
		7A45DB9D176E122100B9B388 /* simplex.h in Headers */ = {isa = PBXBuildFile; fileRef = 7A45DB90176E122100B9B388 /* simplex.h */; };
		7A45DBA0176E122100B9B388 /* kernel_iterator.h in Headers */ = {isa = PBXBuildFile; fileRef = 7A45DB93176E122100B9B388 /* kernel_iterator.h */; };
		7A45DBA1176E122100B9B388 /* kernel.h in Headers */ = {isa = PBXBuildFile; fileRef = 7A45DB94176E122100B9B388 /* kernel.h */; };
		7A45DBA2176E122100B9B388 /* simplex_set.h in Headers */ = {isa = PBXBuildFile; fileRef = 7A45DB95176E122100B9B388 /* simplex_set.h */; };
		7A470AE317F51DC3001FC0CB /* log.cpp in Sources */ = {isa = PBXBuildFile; fileRef = 7A470AE117F51DC3001FC0CB /* log.cpp */; };
		7A4AADF918459B99005211B9 /* libCGLA.a in Frameworks */ = {isa = PBXBuildFile; fileRef = 7A9C205917DFB4CB0064171E /* libCGLA.a */; };
		7A4AADFB18459CB3005211B9 /* CoreFoundation.framework in Frameworks */ = {isa = PBXBuildFile; fileRef = 7A0AB5C017D9082A0058910E /* CoreFoundation.framework */; };
		7A4AADFD1845A097005211B9 /* util.h in Headers */ = {isa = PBXBuildFile; fileRef = 7A4AADFC1845A097005211B9 /* util.h */; };
		7A553EBC17DA6BC400125178 /* libSOIL.a in Frameworks */ = {isa = PBXBuildFile; fileRef = 7A0AB5A517D906AD0058910E /* libSOIL.a */; };
		7A553ECC17DA724800125178 /* image_DXT.c in Sources */ = {isa = PBXBuildFile; fileRef = 7A553EC217DA724800125178 /* image_DXT.c */; };
		7A553ECD17DA724800125178 /* image_DXT.h in Headers */ = {isa = PBXBuildFile; fileRef = 7A553EC317DA724800125178 /* image_DXT.h */; };
		7A553ECE17DA724800125178 /* image_helper.c in Sources */ = {isa = PBXBuildFile; fileRef = 7A553EC417DA724800125178 /* image_helper.c */; };
		7A553ECF17DA724800125178 /* image_helper.h in Headers */ = {isa = PBXBuildFile; fileRef = 7A553EC517DA724800125178 /* image_helper.h */; };
		7A553ED017DA724800125178 /* SOIL.c in Sources */ = {isa = PBXBuildFile; fileRef = 7A553EC617DA724800125178 /* SOIL.c */; };
		7A553ED117DA724800125178 /* SOIL.h in Headers */ = {isa = PBXBuildFile; fileRef = 7A553EC717DA724800125178 /* SOIL.h */; };
		7A553ED217DA724800125178 /* stb_image_write.c in Sources */ = {isa = PBXBuildFile; fileRef = 7A553EC817DA724800125178 /* stb_image_write.c */; };
		7A553ED317DA724800125178 /* stb_image_write.h in Headers */ = {isa = PBXBuildFile; fileRef = 7A553EC917DA724800125178 /* stb_image_write.h */; };
		7A553ED417DA724800125178 /* stbi_DDS_aug.h in Headers */ = {isa = PBXBuildFile; fileRef = 7A553ECA17DA724800125178 /* stbi_DDS_aug.h */; };
		7A553ED517DA724800125178 /* stbi_DDS_aug_c.h in Headers */ = {isa = PBXBuildFile; fileRef = 7A553ECB17DA724800125178 /* stbi_DDS_aug_c.h */; };
		7A7E67171849010800EFDF1E /* geometry.cpp in Sources */ = {isa = PBXBuildFile; fileRef = 7A7E67151849010800EFDF1E /* geometry.cpp */; };
		7A7E67181849010800EFDF1E /* geometry.h in Headers */ = {isa = PBXBuildFile; fileRef = 7A7E67161849010800EFDF1E /* geometry.h */; };
		7A8967BD1808F3FA00A55FB6 /* line.frag in Sources */ = {isa = PBXBuildFile; fileRef = 7A8967BA1808F3FA00A55FB6 /* line.frag */; };
		7A8967BE1808F3FA00A55FB6 /* line.geom in Sources */ = {isa = PBXBuildFile; fileRef = 7A8967BB1808F3FA00A55FB6 /* line.geom */; };
		7A8967BF1808F3FA00A55FB6 /* line.vert in Sources */ = {isa = PBXBuildFile; fileRef = 7A8967BC1808F3FA00A55FB6 /* line.vert */; };
		7A9C209B17DFB4D40064171E /* ArithMatFloat.h in Headers */ = {isa = PBXBuildFile; fileRef = 7A9C205E17DFB4D40064171E /* ArithMatFloat.h */; };
		7A9C209C17DFB4D40064171E /* ArithQuat.h in Headers */ = {isa = PBXBuildFile; fileRef = 7A9C205F17DFB4D40064171E /* ArithQuat.h */; };
		7A9C209D17DFB4D40064171E /* ArithSqMat2x2Float.h in Headers */ = {isa = PBXBuildFile; fileRef = 7A9C206017DFB4D40064171E /* ArithSqMat2x2Float.h */; };
		7A9C209E17DFB4D40064171E /* ArithSqMat3x3Float.cpp in Sources */ = {isa = PBXBuildFile; fileRef = 7A9C206117DFB4D40064171E /* ArithSqMat3x3Float.cpp */; };
		7A9C209F17DFB4D40064171E /* ArithSqMat3x3Float.h in Headers */ = {isa = PBXBuildFile; fileRef = 7A9C206217DFB4D40064171E /* ArithSqMat3x3Float.h */; };
		7A9C20A017DFB4D40064171E /* ArithSqMat4x4Float.cpp in Sources */ = {isa = PBXBuildFile; fileRef = 7A9C206317DFB4D40064171E /* ArithSqMat4x4Float.cpp */; };
		7A9C20A117DFB4D40064171E /* ArithSqMat4x4Float.h in Headers */ = {isa = PBXBuildFile; fileRef = 7A9C206417DFB4D40064171E /* ArithSqMat4x4Float.h */; };
		7A9C20A217DFB4D40064171E /* ArithSqMatFloat.h in Headers */ = {isa = PBXBuildFile; fileRef = 7A9C206517DFB4D40064171E /* ArithSqMatFloat.h */; };
		7A9C20A317DFB4D40064171E /* ArithVec.h in Headers */ = {isa = PBXBuildFile; fileRef = 7A9C206617DFB4D40064171E /* ArithVec.h */; };
		7A9C20A417DFB4D40064171E /* ArithVec2Float.cpp in Sources */ = {isa = PBXBuildFile; fileRef = 7A9C206717DFB4D40064171E /* ArithVec2Float.cpp */; };
		7A9C20A517DFB4D40064171E /* ArithVec2Float.h in Headers */ = {isa = PBXBuildFile; fileRef = 7A9C206817DFB4D40064171E /* ArithVec2Float.h */; };
		7A9C20A617DFB4D40064171E /* ArithVec3Float.cpp in Sources */ = {isa = PBXBuildFile; fileRef = 7A9C206917DFB4D40064171E /* ArithVec3Float.cpp */; };
		7A9C20A717DFB4D40064171E /* ArithVec3Float.h in Headers */ = {isa = PBXBuildFile; fileRef = 7A9C206A17DFB4D40064171E /* ArithVec3Float.h */; };
		7A9C20A817DFB4D40064171E /* ArithVec3Int.h in Headers */ = {isa = PBXBuildFile; fileRef = 7A9C206B17DFB4D40064171E /* ArithVec3Int.h */; };
		7A9C20A917DFB4D40064171E /* ArithVec4Float.h in Headers */ = {isa = PBXBuildFile; fileRef = 7A9C206C17DFB4D40064171E /* ArithVec4Float.h */; };
		7A9C20AA17DFB4D40064171E /* ArithVec4Int.h in Headers */ = {isa = PBXBuildFile; fileRef = 7A9C206D17DFB4D40064171E /* ArithVec4Int.h */; };
		7A9C20AB17DFB4D40064171E /* ArithVecFloat.h in Headers */ = {isa = PBXBuildFile; fileRef = 7A9C206E17DFB4D40064171E /* ArithVecFloat.h */; };
		7A9C20AC17DFB4D40064171E /* ArithVecInt.h in Headers */ = {isa = PBXBuildFile; fileRef = 7A9C206F17DFB4D40064171E /* ArithVecInt.h */; };
		7A9C20AD17DFB4D40064171E /* BitMask.h in Headers */ = {isa = PBXBuildFile; fileRef = 7A9C207017DFB4D40064171E /* BitMask.h */; };
		7A9C20AE17DFB4D40064171E /* CGLA.h in Headers */ = {isa = PBXBuildFile; fileRef = 7A9C207117DFB4D40064171E /* CGLA.h */; };
		7A9C20AF17DFB4D40064171E /* eigensolution.cpp in Sources */ = {isa = PBXBuildFile; fileRef = 7A9C207217DFB4D40064171E /* eigensolution.cpp */; };
		7A9C20B017DFB4D40064171E /* eigensolution.h in Headers */ = {isa = PBXBuildFile; fileRef = 7A9C207317DFB4D40064171E /* eigensolution.h */; };
		7A9C20B117DFB4D40064171E /* ExceptionStandard.h in Headers */ = {isa = PBXBuildFile; fileRef = 7A9C207417DFB4D40064171E /* ExceptionStandard.h */; };
		7A9C20B217DFB4D40064171E /* gel_rand.cpp in Sources */ = {isa = PBXBuildFile; fileRef = 7A9C207517DFB4D40064171E /* gel_rand.cpp */; };
		7A9C20B317DFB4D40064171E /* Mat2x2d.h in Headers */ = {isa = PBXBuildFile; fileRef = 7A9C207617DFB4D40064171E /* Mat2x2d.h */; };
		7A9C20B417DFB4D40064171E /* Mat2x2f.h in Headers */ = {isa = PBXBuildFile; fileRef = 7A9C207717DFB4D40064171E /* Mat2x2f.h */; };
		7A9C20B517DFB4D40064171E /* Mat2x3d.h in Headers */ = {isa = PBXBuildFile; fileRef = 7A9C207817DFB4D40064171E /* Mat2x3d.h */; };
		7A9C20B617DFB4D40064171E /* Mat2x3f.h in Headers */ = {isa = PBXBuildFile; fileRef = 7A9C207917DFB4D40064171E /* Mat2x3f.h */; };
		7A9C20B717DFB4D40064171E /* Mat3x3d.cpp in Sources */ = {isa = PBXBuildFile; fileRef = 7A9C207A17DFB4D40064171E /* Mat3x3d.cpp */; };
		7A9C20B817DFB4D40064171E /* Mat3x3d.h in Headers */ = {isa = PBXBuildFile; fileRef = 7A9C207B17DFB4D40064171E /* Mat3x3d.h */; };
		7A9C20B917DFB4D40064171E /* Mat3x3f.cpp in Sources */ = {isa = PBXBuildFile; fileRef = 7A9C207C17DFB4D40064171E /* Mat3x3f.cpp */; };
		7A9C20BA17DFB4D40064171E /* Mat3x3f.h in Headers */ = {isa = PBXBuildFile; fileRef = 7A9C207D17DFB4D40064171E /* Mat3x3f.h */; };
		7A9C20BB17DFB4D40064171E /* Mat4x4d.cpp in Sources */ = {isa = PBXBuildFile; fileRef = 7A9C207E17DFB4D40064171E /* Mat4x4d.cpp */; };
		7A9C20BC17DFB4D40064171E /* Mat4x4d.h in Headers */ = {isa = PBXBuildFile; fileRef = 7A9C207F17DFB4D40064171E /* Mat4x4d.h */; };
		7A9C20BD17DFB4D40064171E /* Mat4x4f.cpp in Sources */ = {isa = PBXBuildFile; fileRef = 7A9C208017DFB4D40064171E /* Mat4x4f.cpp */; };
		7A9C20BE17DFB4D40064171E /* Mat4x4f.h in Headers */ = {isa = PBXBuildFile; fileRef = 7A9C208117DFB4D40064171E /* Mat4x4f.h */; };
		7A9C20BF17DFB4D40064171E /* Quatd.h in Headers */ = {isa = PBXBuildFile; fileRef = 7A9C208217DFB4D40064171E /* Quatd.h */; };
		7A9C20C017DFB4D40064171E /* Quaternion.h in Headers */ = {isa = PBXBuildFile; fileRef = 7A9C208317DFB4D40064171E /* Quaternion.h */; };
		7A9C20C117DFB4D40064171E /* Quatf.h in Headers */ = {isa = PBXBuildFile; fileRef = 7A9C208417DFB4D40064171E /* Quatf.h */; };
		7A9C20C217DFB4D40064171E /* statistics.cpp in Sources */ = {isa = PBXBuildFile; fileRef = 7A9C208517DFB4D40064171E /* statistics.cpp */; };
		7A9C20C317DFB4D40064171E /* statistics.h in Headers */ = {isa = PBXBuildFile; fileRef = 7A9C208617DFB4D40064171E /* statistics.h */; };
		7A9C20C417DFB4D40064171E /* TableTrigonometry.cpp in Sources */ = {isa = PBXBuildFile; fileRef = 7A9C208717DFB4D40064171E /* TableTrigonometry.cpp */; };
		7A9C20C517DFB4D40064171E /* TableTrigonometry.h in Headers */ = {isa = PBXBuildFile; fileRef = 7A9C208817DFB4D40064171E /* TableTrigonometry.h */; };
		7A9C20C617DFB4D40064171E /* UnitVector.h in Headers */ = {isa = PBXBuildFile; fileRef = 7A9C208917DFB4D40064171E /* UnitVector.h */; };
		7A9C20C717DFB4D40064171E /* Vec2d.h in Headers */ = {isa = PBXBuildFile; fileRef = 7A9C208A17DFB4D40064171E /* Vec2d.h */; };
		7A9C20C817DFB4D40064171E /* Vec2f.h in Headers */ = {isa = PBXBuildFile; fileRef = 7A9C208B17DFB4D40064171E /* Vec2f.h */; };
		7A9C20C917DFB4D40064171E /* Vec2i.cpp in Sources */ = {isa = PBXBuildFile; fileRef = 7A9C208C17DFB4D40064171E /* Vec2i.cpp */; };
		7A9C20CA17DFB4D40064171E /* Vec2i.h in Headers */ = {isa = PBXBuildFile; fileRef = 7A9C208D17DFB4D40064171E /* Vec2i.h */; };
		7A9C20CB17DFB4D40064171E /* Vec2ui.h in Headers */ = {isa = PBXBuildFile; fileRef = 7A9C208E17DFB4D40064171E /* Vec2ui.h */; };
		7A9C20CC17DFB4D40064171E /* Vec3d.h in Headers */ = {isa = PBXBuildFile; fileRef = 7A9C208F17DFB4D40064171E /* Vec3d.h */; };
		7A9C20CD17DFB4D40064171E /* Vec3f.cpp in Sources */ = {isa = PBXBuildFile; fileRef = 7A9C209017DFB4D40064171E /* Vec3f.cpp */; };
		7A9C20CE17DFB4D40064171E /* Vec3f.h in Headers */ = {isa = PBXBuildFile; fileRef = 7A9C209117DFB4D40064171E /* Vec3f.h */; };
		7A9C20CF17DFB4D40064171E /* Vec3Hf.h in Headers */ = {isa = PBXBuildFile; fileRef = 7A9C209217DFB4D40064171E /* Vec3Hf.h */; };
		7A9C20D017DFB4D40064171E /* Vec3i.cpp in Sources */ = {isa = PBXBuildFile; fileRef = 7A9C209317DFB4D40064171E /* Vec3i.cpp */; };
		7A9C20D117DFB4D40064171E /* Vec3i.h in Headers */ = {isa = PBXBuildFile; fileRef = 7A9C209417DFB4D40064171E /* Vec3i.h */; };
		7A9C20D217DFB4D40064171E /* Vec3uc.h in Headers */ = {isa = PBXBuildFile; fileRef = 7A9C209517DFB4D40064171E /* Vec3uc.h */; };
		7A9C20D317DFB4D40064171E /* Vec3usi.h in Headers */ = {isa = PBXBuildFile; fileRef = 7A9C209617DFB4D40064171E /* Vec3usi.h */; };
		7A9C20D417DFB4D40064171E /* Vec4d.h in Headers */ = {isa = PBXBuildFile; fileRef = 7A9C209717DFB4D40064171E /* Vec4d.h */; };
		7A9C20D517DFB4D40064171E /* Vec4f.h in Headers */ = {isa = PBXBuildFile; fileRef = 7A9C209817DFB4D40064171E /* Vec4f.h */; };
		7A9C20D617DFB4D40064171E /* Vec4i.h in Headers */ = {isa = PBXBuildFile; fileRef = 7A9C209917DFB4D40064171E /* Vec4i.h */; };
		7A9C20D717DFB4D40064171E /* Vec4uc.h in Headers */ = {isa = PBXBuildFile; fileRef = 7A9C209A17DFB4D40064171E /* Vec4uc.h */; };
		7AAC14BF185826F500A7219E /* test.h in Headers */ = {isa = PBXBuildFile; fileRef = 7AAC14BE185826F500A7219E /* test.h */; };
		7AB585A1183D2D6F009A25F1 /* libDSC.a in Frameworks */ = {isa = PBXBuildFile; fileRef = 7AE27AD617675AE8000F8238 /* libDSC.a */; };
		7ACA21D917DE37C5005E9309 /* stb_image.c in Sources */ = {isa = PBXBuildFile; fileRef = 7ACA21D717DE37C5005E9309 /* stb_image.c */; };
		7ACA21DA17DE37C5005E9309 /* stb_image.h in Headers */ = {isa = PBXBuildFile; fileRef = 7ACA21D817DE37C5005E9309 /* stb_image.h */; };
		7AE27AF917675B04000F8238 /* velocity_function.h in Headers */ = {isa = PBXBuildFile; fileRef = 7AE27AE917675B04000F8238 /* velocity_function.h */; };
		7AE27B1517675CEA000F8238 /* demo.cpp in Sources */ = {isa = PBXBuildFile; fileRef = 7AE27B1117675CEA000F8238 /* demo.cpp */; };
		7AE27B1717675D34000F8238 /* libDSC.a in Frameworks */ = {isa = PBXBuildFile; fileRef = 7AE27AD617675AE8000F8238 /* libDSC.a */; };
		7AE27B1917675DA2000F8238 /* GLUT.framework in Frameworks */ = {isa = PBXBuildFile; fileRef = 7AE27AFD17675B78000F8238 /* GLUT.framework */; };
		7AE27B1A17675DA6000F8238 /* OpenGL.framework in Frameworks */ = {isa = PBXBuildFile; fileRef = 7AE27AFB17675B70000F8238 /* OpenGL.framework */; };
		7AF7E9BA176B402200F43714 /* user_interface.cpp in Sources */ = {isa = PBXBuildFile; fileRef = 7AF7E9B8176B402200F43714 /* user_interface.cpp */; };
		7AF7E9BD176B412900F43714 /* draw.cpp in Sources */ = {isa = PBXBuildFile; fileRef = 7AF7E9BB176B412900F43714 /* draw.cpp */; };
		7AF7E9BF176B4FE400F43714 /* DSC.h in Headers */ = {isa = PBXBuildFile; fileRef = 7AF7E9BE176B4FE400F43714 /* DSC.h */; };
		7AF7E9C1176B524700F43714 /* is_mesh.h in Headers */ = {isa = PBXBuildFile; fileRef = 7AF7E9C0176B524700F43714 /* is_mesh.h */; };
/* End PBXBuildFile section */

/* Begin PBXCopyFilesBuildPhase section */
		7A3438D8183C7B2E00829EEB /* CopyFiles */ = {
			isa = PBXCopyFilesBuildPhase;
			buildActionMask = 2147483647;
			dstPath = /usr/share/man/man1/;
			dstSubfolderSpec = 0;
			files = (
			);
			runOnlyForDeploymentPostprocessing = 1;
		};
		7AE27B0317675CDA000F8238 /* CopyFiles */ = {
			isa = PBXCopyFilesBuildPhase;
			buildActionMask = 2147483647;
			dstPath = /usr/share/man/man1/;
			dstSubfolderSpec = 0;
			files = (
			);
			runOnlyForDeploymentPostprocessing = 1;
		};
/* End PBXCopyFilesBuildPhase section */

/* Begin PBXFileReference section */
		7A0AB5A517D906AD0058910E /* libSOIL.a */ = {isa = PBXFileReference; explicitFileType = archive.ar; includeInIndex = 0; path = libSOIL.a; sourceTree = BUILT_PRODUCTS_DIR; };
		7A0AB5C017D9082A0058910E /* CoreFoundation.framework */ = {isa = PBXFileReference; lastKnownFileType = wrapper.framework; name = CoreFoundation.framework; path = System/Library/Frameworks/CoreFoundation.framework; sourceTree = SDKROOT; };
		7A0B96D4182F29750004CAF3 /* wire.frag */ = {isa = PBXFileReference; lastKnownFileType = sourcecode.glsl; path = wire.frag; sourceTree = "<group>"; };
		7A0B96D5182F29750004CAF3 /* wire.geom */ = {isa = PBXFileReference; lastKnownFileType = sourcecode.glsl; path = wire.geom; sourceTree = "<group>"; };
		7A3438BF183C6D2700829EEB /* attributes.h */ = {isa = PBXFileReference; fileEncoding = 4; lastKnownFileType = sourcecode.c.h; name = attributes.h; path = is_mesh/attributes.h; sourceTree = "<group>"; };
		7A3438C0183C6D2700829EEB /* mesh_io.h */ = {isa = PBXFileReference; fileEncoding = 4; lastKnownFileType = sourcecode.c.h; name = mesh_io.h; path = is_mesh/mesh_io.h; sourceTree = "<group>"; };
		7A3438C3183C75B100829EEB /* mesh_io.cpp */ = {isa = PBXFileReference; fileEncoding = 4; lastKnownFileType = sourcecode.cpp.cpp; name = mesh_io.cpp; path = is_mesh/mesh_io.cpp; sourceTree = "<group>"; };
		7A3438C9183C7A8700829EEB /* libTetGen.a */ = {isa = PBXFileReference; explicitFileType = archive.ar; includeInIndex = 0; path = libTetGen.a; sourceTree = BUILT_PRODUCTS_DIR; };
		7A3438CF183C7A9600829EEB /* predicates.cxx */ = {isa = PBXFileReference; fileEncoding = 4; lastKnownFileType = sourcecode.cpp.cpp; path = predicates.cxx; sourceTree = "<group>"; };
		7A3438D1183C7A9600829EEB /* tetgen.cxx */ = {isa = PBXFileReference; fileEncoding = 4; lastKnownFileType = sourcecode.cpp.cpp; path = tetgen.cxx; sourceTree = "<group>"; };
		7A3438D2183C7A9600829EEB /* tetgen.h */ = {isa = PBXFileReference; fileEncoding = 4; lastKnownFileType = sourcecode.c.h; path = tetgen.h; sourceTree = "<group>"; };
		7A3438DA183C7B2E00829EEB /* SCGenerator */ = {isa = PBXFileReference; explicitFileType = "compiled.mach-o.executable"; includeInIndex = 0; path = SCGenerator; sourceTree = BUILT_PRODUCTS_DIR; };
		7A3438E3183C7B7800829EEB /* generator.cpp */ = {isa = PBXFileReference; fileEncoding = 4; lastKnownFileType = sourcecode.cpp.cpp; path = generator.cpp; sourceTree = "<group>"; };
		7A3438E6183C7B7800829EEB /* tetralizer.cpp */ = {isa = PBXFileReference; fileEncoding = 4; lastKnownFileType = sourcecode.cpp.cpp; path = tetralizer.cpp; sourceTree = "<group>"; };
		7A3438E7183C7B7800829EEB /* tetralizer.h */ = {isa = PBXFileReference; fileEncoding = 4; lastKnownFileType = sourcecode.c.h; path = tetralizer.h; sourceTree = "<group>"; };
		7A38E82A17E3B35A0075DC24 /* gouraud.frag */ = {isa = PBXFileReference; fileEncoding = 4; lastKnownFileType = sourcecode.glsl; path = gouraud.frag; sourceTree = "<group>"; };
		7A38E82B17E3B35A0075DC24 /* gouraud.vert */ = {isa = PBXFileReference; fileEncoding = 4; lastKnownFileType = sourcecode.glsl; path = gouraud.vert; sourceTree = "<group>"; };
		7A45DB8F176E122100B9B388 /* key.h */ = {isa = PBXFileReference; fileEncoding = 4; lastKnownFileType = sourcecode.c.h; name = key.h; path = is_mesh/key.h; sourceTree = "<group>"; };
		7A45DB90176E122100B9B388 /* simplex.h */ = {isa = PBXFileReference; fileEncoding = 4; lastKnownFileType = sourcecode.c.h; name = simplex.h; path = is_mesh/simplex.h; sourceTree = "<group>"; };
		7A45DB93176E122100B9B388 /* kernel_iterator.h */ = {isa = PBXFileReference; fileEncoding = 4; lastKnownFileType = sourcecode.c.h; name = kernel_iterator.h; path = is_mesh/kernel_iterator.h; sourceTree = "<group>"; };
		7A45DB94176E122100B9B388 /* kernel.h */ = {isa = PBXFileReference; fileEncoding = 4; lastKnownFileType = sourcecode.c.h; name = kernel.h; path = is_mesh/kernel.h; sourceTree = "<group>"; };
		7A45DB95176E122100B9B388 /* simplex_set.h */ = {isa = PBXFileReference; fileEncoding = 4; lastKnownFileType = sourcecode.c.h; name = simplex_set.h; path = is_mesh/simplex_set.h; sourceTree = "<group>"; };
		7A470AE117F51DC3001FC0CB /* log.cpp */ = {isa = PBXFileReference; fileEncoding = 4; lastKnownFileType = sourcecode.cpp.cpp; path = log.cpp; sourceTree = "<group>"; };
		7A470AE217F51DC3001FC0CB /* log.h */ = {isa = PBXFileReference; fileEncoding = 4; lastKnownFileType = sourcecode.c.h; path = log.h; sourceTree = "<group>"; };
		7A4AADFC1845A097005211B9 /* util.h */ = {isa = PBXFileReference; fileEncoding = 4; lastKnownFileType = sourcecode.c.h; name = util.h; path = is_mesh/util.h; sourceTree = "<group>"; };
		7A553EC217DA724800125178 /* image_DXT.c */ = {isa = PBXFileReference; fileEncoding = 4; lastKnownFileType = sourcecode.c.c; path = image_DXT.c; sourceTree = "<group>"; };
		7A553EC317DA724800125178 /* image_DXT.h */ = {isa = PBXFileReference; fileEncoding = 4; lastKnownFileType = sourcecode.c.h; path = image_DXT.h; sourceTree = "<group>"; };
		7A553EC417DA724800125178 /* image_helper.c */ = {isa = PBXFileReference; fileEncoding = 4; lastKnownFileType = sourcecode.c.c; path = image_helper.c; sourceTree = "<group>"; };
		7A553EC517DA724800125178 /* image_helper.h */ = {isa = PBXFileReference; fileEncoding = 4; lastKnownFileType = sourcecode.c.h; path = image_helper.h; sourceTree = "<group>"; };
		7A553EC617DA724800125178 /* SOIL.c */ = {isa = PBXFileReference; fileEncoding = 4; lastKnownFileType = sourcecode.c.c; path = SOIL.c; sourceTree = "<group>"; };
		7A553EC717DA724800125178 /* SOIL.h */ = {isa = PBXFileReference; fileEncoding = 4; lastKnownFileType = sourcecode.c.h; path = SOIL.h; sourceTree = "<group>"; };
		7A553EC817DA724800125178 /* stb_image_write.c */ = {isa = PBXFileReference; fileEncoding = 4; lastKnownFileType = sourcecode.c.c; path = stb_image_write.c; sourceTree = "<group>"; };
		7A553EC917DA724800125178 /* stb_image_write.h */ = {isa = PBXFileReference; fileEncoding = 4; lastKnownFileType = sourcecode.c.h; path = stb_image_write.h; sourceTree = "<group>"; };
		7A553ECA17DA724800125178 /* stbi_DDS_aug.h */ = {isa = PBXFileReference; fileEncoding = 4; lastKnownFileType = sourcecode.c.h; path = stbi_DDS_aug.h; sourceTree = "<group>"; };
		7A553ECB17DA724800125178 /* stbi_DDS_aug_c.h */ = {isa = PBXFileReference; fileEncoding = 4; lastKnownFileType = sourcecode.c.h; path = stbi_DDS_aug_c.h; sourceTree = "<group>"; };
		7A7E67151849010800EFDF1E /* geometry.cpp */ = {isa = PBXFileReference; fileEncoding = 4; lastKnownFileType = sourcecode.cpp.cpp; name = geometry.cpp; path = src/geometry.cpp; sourceTree = SOURCE_ROOT; };
		7A7E67161849010800EFDF1E /* geometry.h */ = {isa = PBXFileReference; fileEncoding = 4; lastKnownFileType = sourcecode.c.h; name = geometry.h; path = src/geometry.h; sourceTree = SOURCE_ROOT; };
		7A8967BA1808F3FA00A55FB6 /* line.frag */ = {isa = PBXFileReference; fileEncoding = 4; lastKnownFileType = sourcecode.glsl; path = line.frag; sourceTree = "<group>"; };
		7A8967BB1808F3FA00A55FB6 /* line.geom */ = {isa = PBXFileReference; fileEncoding = 4; lastKnownFileType = sourcecode.glsl; path = line.geom; sourceTree = "<group>"; };
		7A8967BC1808F3FA00A55FB6 /* line.vert */ = {isa = PBXFileReference; fileEncoding = 4; lastKnownFileType = sourcecode.glsl; path = line.vert; sourceTree = "<group>"; };
		7A9C205917DFB4CB0064171E /* libCGLA.a */ = {isa = PBXFileReference; explicitFileType = archive.ar; includeInIndex = 0; path = libCGLA.a; sourceTree = BUILT_PRODUCTS_DIR; };
		7A9C205E17DFB4D40064171E /* ArithMatFloat.h */ = {isa = PBXFileReference; fileEncoding = 4; lastKnownFileType = sourcecode.c.h; path = ArithMatFloat.h; sourceTree = "<group>"; };
		7A9C205F17DFB4D40064171E /* ArithQuat.h */ = {isa = PBXFileReference; fileEncoding = 4; lastKnownFileType = sourcecode.c.h; path = ArithQuat.h; sourceTree = "<group>"; };
		7A9C206017DFB4D40064171E /* ArithSqMat2x2Float.h */ = {isa = PBXFileReference; fileEncoding = 4; lastKnownFileType = sourcecode.c.h; path = ArithSqMat2x2Float.h; sourceTree = "<group>"; };
		7A9C206117DFB4D40064171E /* ArithSqMat3x3Float.cpp */ = {isa = PBXFileReference; fileEncoding = 4; lastKnownFileType = sourcecode.cpp.cpp; path = ArithSqMat3x3Float.cpp; sourceTree = "<group>"; };
		7A9C206217DFB4D40064171E /* ArithSqMat3x3Float.h */ = {isa = PBXFileReference; fileEncoding = 4; lastKnownFileType = sourcecode.c.h; path = ArithSqMat3x3Float.h; sourceTree = "<group>"; };
		7A9C206317DFB4D40064171E /* ArithSqMat4x4Float.cpp */ = {isa = PBXFileReference; fileEncoding = 4; lastKnownFileType = sourcecode.cpp.cpp; path = ArithSqMat4x4Float.cpp; sourceTree = "<group>"; };
		7A9C206417DFB4D40064171E /* ArithSqMat4x4Float.h */ = {isa = PBXFileReference; fileEncoding = 4; lastKnownFileType = sourcecode.c.h; path = ArithSqMat4x4Float.h; sourceTree = "<group>"; };
		7A9C206517DFB4D40064171E /* ArithSqMatFloat.h */ = {isa = PBXFileReference; fileEncoding = 4; lastKnownFileType = sourcecode.c.h; path = ArithSqMatFloat.h; sourceTree = "<group>"; };
		7A9C206617DFB4D40064171E /* ArithVec.h */ = {isa = PBXFileReference; fileEncoding = 4; lastKnownFileType = sourcecode.c.h; path = ArithVec.h; sourceTree = "<group>"; };
		7A9C206717DFB4D40064171E /* ArithVec2Float.cpp */ = {isa = PBXFileReference; fileEncoding = 4; lastKnownFileType = sourcecode.cpp.cpp; path = ArithVec2Float.cpp; sourceTree = "<group>"; };
		7A9C206817DFB4D40064171E /* ArithVec2Float.h */ = {isa = PBXFileReference; fileEncoding = 4; lastKnownFileType = sourcecode.c.h; path = ArithVec2Float.h; sourceTree = "<group>"; };
		7A9C206917DFB4D40064171E /* ArithVec3Float.cpp */ = {isa = PBXFileReference; fileEncoding = 4; lastKnownFileType = sourcecode.cpp.cpp; path = ArithVec3Float.cpp; sourceTree = "<group>"; };
		7A9C206A17DFB4D40064171E /* ArithVec3Float.h */ = {isa = PBXFileReference; fileEncoding = 4; lastKnownFileType = sourcecode.c.h; path = ArithVec3Float.h; sourceTree = "<group>"; };
		7A9C206B17DFB4D40064171E /* ArithVec3Int.h */ = {isa = PBXFileReference; fileEncoding = 4; lastKnownFileType = sourcecode.c.h; path = ArithVec3Int.h; sourceTree = "<group>"; };
		7A9C206C17DFB4D40064171E /* ArithVec4Float.h */ = {isa = PBXFileReference; fileEncoding = 4; lastKnownFileType = sourcecode.c.h; path = ArithVec4Float.h; sourceTree = "<group>"; };
		7A9C206D17DFB4D40064171E /* ArithVec4Int.h */ = {isa = PBXFileReference; fileEncoding = 4; lastKnownFileType = sourcecode.c.h; path = ArithVec4Int.h; sourceTree = "<group>"; };
		7A9C206E17DFB4D40064171E /* ArithVecFloat.h */ = {isa = PBXFileReference; fileEncoding = 4; lastKnownFileType = sourcecode.c.h; path = ArithVecFloat.h; sourceTree = "<group>"; };
		7A9C206F17DFB4D40064171E /* ArithVecInt.h */ = {isa = PBXFileReference; fileEncoding = 4; lastKnownFileType = sourcecode.c.h; path = ArithVecInt.h; sourceTree = "<group>"; };
		7A9C207017DFB4D40064171E /* BitMask.h */ = {isa = PBXFileReference; fileEncoding = 4; lastKnownFileType = sourcecode.c.h; path = BitMask.h; sourceTree = "<group>"; };
		7A9C207117DFB4D40064171E /* CGLA.h */ = {isa = PBXFileReference; fileEncoding = 4; lastKnownFileType = sourcecode.c.h; path = CGLA.h; sourceTree = "<group>"; };
		7A9C207217DFB4D40064171E /* eigensolution.cpp */ = {isa = PBXFileReference; fileEncoding = 4; lastKnownFileType = sourcecode.cpp.cpp; path = eigensolution.cpp; sourceTree = "<group>"; };
		7A9C207317DFB4D40064171E /* eigensolution.h */ = {isa = PBXFileReference; fileEncoding = 4; lastKnownFileType = sourcecode.c.h; path = eigensolution.h; sourceTree = "<group>"; };
		7A9C207417DFB4D40064171E /* ExceptionStandard.h */ = {isa = PBXFileReference; fileEncoding = 4; lastKnownFileType = sourcecode.c.h; path = ExceptionStandard.h; sourceTree = "<group>"; };
		7A9C207517DFB4D40064171E /* gel_rand.cpp */ = {isa = PBXFileReference; fileEncoding = 4; lastKnownFileType = sourcecode.cpp.cpp; path = gel_rand.cpp; sourceTree = "<group>"; };
		7A9C207617DFB4D40064171E /* Mat2x2d.h */ = {isa = PBXFileReference; fileEncoding = 4; lastKnownFileType = sourcecode.c.h; path = Mat2x2d.h; sourceTree = "<group>"; };
		7A9C207717DFB4D40064171E /* Mat2x2f.h */ = {isa = PBXFileReference; fileEncoding = 4; lastKnownFileType = sourcecode.c.h; path = Mat2x2f.h; sourceTree = "<group>"; };
		7A9C207817DFB4D40064171E /* Mat2x3d.h */ = {isa = PBXFileReference; fileEncoding = 4; lastKnownFileType = sourcecode.c.h; path = Mat2x3d.h; sourceTree = "<group>"; };
		7A9C207917DFB4D40064171E /* Mat2x3f.h */ = {isa = PBXFileReference; fileEncoding = 4; lastKnownFileType = sourcecode.c.h; path = Mat2x3f.h; sourceTree = "<group>"; };
		7A9C207A17DFB4D40064171E /* Mat3x3d.cpp */ = {isa = PBXFileReference; fileEncoding = 4; lastKnownFileType = sourcecode.cpp.cpp; path = Mat3x3d.cpp; sourceTree = "<group>"; };
		7A9C207B17DFB4D40064171E /* Mat3x3d.h */ = {isa = PBXFileReference; fileEncoding = 4; lastKnownFileType = sourcecode.c.h; path = Mat3x3d.h; sourceTree = "<group>"; };
		7A9C207C17DFB4D40064171E /* Mat3x3f.cpp */ = {isa = PBXFileReference; fileEncoding = 4; lastKnownFileType = sourcecode.cpp.cpp; path = Mat3x3f.cpp; sourceTree = "<group>"; };
		7A9C207D17DFB4D40064171E /* Mat3x3f.h */ = {isa = PBXFileReference; fileEncoding = 4; lastKnownFileType = sourcecode.c.h; path = Mat3x3f.h; sourceTree = "<group>"; };
		7A9C207E17DFB4D40064171E /* Mat4x4d.cpp */ = {isa = PBXFileReference; fileEncoding = 4; lastKnownFileType = sourcecode.cpp.cpp; path = Mat4x4d.cpp; sourceTree = "<group>"; };
		7A9C207F17DFB4D40064171E /* Mat4x4d.h */ = {isa = PBXFileReference; fileEncoding = 4; lastKnownFileType = sourcecode.c.h; path = Mat4x4d.h; sourceTree = "<group>"; };
		7A9C208017DFB4D40064171E /* Mat4x4f.cpp */ = {isa = PBXFileReference; fileEncoding = 4; lastKnownFileType = sourcecode.cpp.cpp; path = Mat4x4f.cpp; sourceTree = "<group>"; };
		7A9C208117DFB4D40064171E /* Mat4x4f.h */ = {isa = PBXFileReference; fileEncoding = 4; lastKnownFileType = sourcecode.c.h; path = Mat4x4f.h; sourceTree = "<group>"; };
		7A9C208217DFB4D40064171E /* Quatd.h */ = {isa = PBXFileReference; fileEncoding = 4; lastKnownFileType = sourcecode.c.h; path = Quatd.h; sourceTree = "<group>"; };
		7A9C208317DFB4D40064171E /* Quaternion.h */ = {isa = PBXFileReference; fileEncoding = 4; lastKnownFileType = sourcecode.c.h; path = Quaternion.h; sourceTree = "<group>"; };
		7A9C208417DFB4D40064171E /* Quatf.h */ = {isa = PBXFileReference; fileEncoding = 4; lastKnownFileType = sourcecode.c.h; path = Quatf.h; sourceTree = "<group>"; };
		7A9C208517DFB4D40064171E /* statistics.cpp */ = {isa = PBXFileReference; fileEncoding = 4; lastKnownFileType = sourcecode.cpp.cpp; path = statistics.cpp; sourceTree = "<group>"; };
		7A9C208617DFB4D40064171E /* statistics.h */ = {isa = PBXFileReference; fileEncoding = 4; lastKnownFileType = sourcecode.c.h; path = statistics.h; sourceTree = "<group>"; };
		7A9C208717DFB4D40064171E /* TableTrigonometry.cpp */ = {isa = PBXFileReference; fileEncoding = 4; lastKnownFileType = sourcecode.cpp.cpp; path = TableTrigonometry.cpp; sourceTree = "<group>"; };
		7A9C208817DFB4D40064171E /* TableTrigonometry.h */ = {isa = PBXFileReference; fileEncoding = 4; lastKnownFileType = sourcecode.c.h; path = TableTrigonometry.h; sourceTree = "<group>"; };
		7A9C208917DFB4D40064171E /* UnitVector.h */ = {isa = PBXFileReference; fileEncoding = 4; lastKnownFileType = sourcecode.c.h; path = UnitVector.h; sourceTree = "<group>"; };
		7A9C208A17DFB4D40064171E /* Vec2d.h */ = {isa = PBXFileReference; fileEncoding = 4; lastKnownFileType = sourcecode.c.h; path = Vec2d.h; sourceTree = "<group>"; };
		7A9C208B17DFB4D40064171E /* Vec2f.h */ = {isa = PBXFileReference; fileEncoding = 4; lastKnownFileType = sourcecode.c.h; path = Vec2f.h; sourceTree = "<group>"; };
		7A9C208C17DFB4D40064171E /* Vec2i.cpp */ = {isa = PBXFileReference; fileEncoding = 4; lastKnownFileType = sourcecode.cpp.cpp; path = Vec2i.cpp; sourceTree = "<group>"; };
		7A9C208D17DFB4D40064171E /* Vec2i.h */ = {isa = PBXFileReference; fileEncoding = 4; lastKnownFileType = sourcecode.c.h; path = Vec2i.h; sourceTree = "<group>"; };
		7A9C208E17DFB4D40064171E /* Vec2ui.h */ = {isa = PBXFileReference; fileEncoding = 4; lastKnownFileType = sourcecode.c.h; path = Vec2ui.h; sourceTree = "<group>"; };
		7A9C208F17DFB4D40064171E /* Vec3d.h */ = {isa = PBXFileReference; fileEncoding = 4; lastKnownFileType = sourcecode.c.h; path = Vec3d.h; sourceTree = "<group>"; };
		7A9C209017DFB4D40064171E /* Vec3f.cpp */ = {isa = PBXFileReference; fileEncoding = 4; lastKnownFileType = sourcecode.cpp.cpp; path = Vec3f.cpp; sourceTree = "<group>"; };
		7A9C209117DFB4D40064171E /* Vec3f.h */ = {isa = PBXFileReference; fileEncoding = 4; lastKnownFileType = sourcecode.c.h; path = Vec3f.h; sourceTree = "<group>"; };
		7A9C209217DFB4D40064171E /* Vec3Hf.h */ = {isa = PBXFileReference; fileEncoding = 4; lastKnownFileType = sourcecode.c.h; path = Vec3Hf.h; sourceTree = "<group>"; };
		7A9C209317DFB4D40064171E /* Vec3i.cpp */ = {isa = PBXFileReference; fileEncoding = 4; lastKnownFileType = sourcecode.cpp.cpp; path = Vec3i.cpp; sourceTree = "<group>"; };
		7A9C209417DFB4D40064171E /* Vec3i.h */ = {isa = PBXFileReference; fileEncoding = 4; lastKnownFileType = sourcecode.c.h; path = Vec3i.h; sourceTree = "<group>"; };
		7A9C209517DFB4D40064171E /* Vec3uc.h */ = {isa = PBXFileReference; fileEncoding = 4; lastKnownFileType = sourcecode.c.h; path = Vec3uc.h; sourceTree = "<group>"; };
		7A9C209617DFB4D40064171E /* Vec3usi.h */ = {isa = PBXFileReference; fileEncoding = 4; lastKnownFileType = sourcecode.c.h; path = Vec3usi.h; sourceTree = "<group>"; };
		7A9C209717DFB4D40064171E /* Vec4d.h */ = {isa = PBXFileReference; fileEncoding = 4; lastKnownFileType = sourcecode.c.h; path = Vec4d.h; sourceTree = "<group>"; };
		7A9C209817DFB4D40064171E /* Vec4f.h */ = {isa = PBXFileReference; fileEncoding = 4; lastKnownFileType = sourcecode.c.h; path = Vec4f.h; sourceTree = "<group>"; };
		7A9C209917DFB4D40064171E /* Vec4i.h */ = {isa = PBXFileReference; fileEncoding = 4; lastKnownFileType = sourcecode.c.h; path = Vec4i.h; sourceTree = "<group>"; };
		7A9C209A17DFB4D40064171E /* Vec4uc.h */ = {isa = PBXFileReference; fileEncoding = 4; lastKnownFileType = sourcecode.c.h; path = Vec4uc.h; sourceTree = "<group>"; };
		7AAC14BE185826F500A7219E /* test.h */ = {isa = PBXFileReference; fileEncoding = 4; lastKnownFileType = sourcecode.c.h; name = test.h; path = is_mesh/test.h; sourceTree = "<group>"; };
		7ACA21D717DE37C5005E9309 /* stb_image.c */ = {isa = PBXFileReference; fileEncoding = 4; lastKnownFileType = sourcecode.c.c; path = stb_image.c; sourceTree = "<group>"; };
		7ACA21D817DE37C5005E9309 /* stb_image.h */ = {isa = PBXFileReference; fileEncoding = 4; lastKnownFileType = sourcecode.c.h; path = stb_image.h; sourceTree = "<group>"; };
		7AE27AD617675AE8000F8238 /* libDSC.a */ = {isa = PBXFileReference; explicitFileType = archive.ar; includeInIndex = 0; path = libDSC.a; sourceTree = BUILT_PRODUCTS_DIR; };
		7AE27AE917675B04000F8238 /* velocity_function.h */ = {isa = PBXFileReference; fileEncoding = 4; lastKnownFileType = sourcecode.c.h; name = velocity_function.h; path = src/velocity_function.h; sourceTree = SOURCE_ROOT; };
		7AE27AFB17675B70000F8238 /* OpenGL.framework */ = {isa = PBXFileReference; lastKnownFileType = wrapper.framework; name = OpenGL.framework; path = System/Library/Frameworks/OpenGL.framework; sourceTree = SDKROOT; };
		7AE27AFD17675B78000F8238 /* GLUT.framework */ = {isa = PBXFileReference; lastKnownFileType = wrapper.framework; name = GLUT.framework; path = System/Library/Frameworks/GLUT.framework; sourceTree = SDKROOT; };
		7AE27B0517675CDA000F8238 /* DEMO */ = {isa = PBXFileReference; explicitFileType = "compiled.mach-o.executable"; includeInIndex = 0; path = DEMO; sourceTree = BUILT_PRODUCTS_DIR; };
		7AE27B0F17675CEA000F8238 /* average_function.h */ = {isa = PBXFileReference; fileEncoding = 4; lastKnownFileType = sourcecode.c.h; path = average_function.h; sourceTree = "<group>"; };
		7AE27B1117675CEA000F8238 /* demo.cpp */ = {isa = PBXFileReference; fileEncoding = 4; lastKnownFileType = sourcecode.cpp.cpp; path = demo.cpp; sourceTree = "<group>"; };
		7AE27B1317675CEA000F8238 /* normal_function.h */ = {isa = PBXFileReference; fileEncoding = 4; lastKnownFileType = sourcecode.c.h; path = normal_function.h; sourceTree = "<group>"; };
		7AE27B1417675CEA000F8238 /* rotate_function.h */ = {isa = PBXFileReference; fileEncoding = 4; lastKnownFileType = sourcecode.c.h; path = rotate_function.h; sourceTree = "<group>"; };
		7AF7E9B8176B402200F43714 /* user_interface.cpp */ = {isa = PBXFileReference; fileEncoding = 4; lastKnownFileType = sourcecode.cpp.cpp; path = user_interface.cpp; sourceTree = "<group>"; };
		7AF7E9B9176B402200F43714 /* user_interface.h */ = {isa = PBXFileReference; fileEncoding = 4; lastKnownFileType = sourcecode.c.h; path = user_interface.h; sourceTree = "<group>"; };
		7AF7E9BB176B412900F43714 /* draw.cpp */ = {isa = PBXFileReference; fileEncoding = 4; lastKnownFileType = sourcecode.cpp.cpp; path = draw.cpp; sourceTree = "<group>"; };
		7AF7E9BC176B412900F43714 /* draw.h */ = {isa = PBXFileReference; fileEncoding = 4; lastKnownFileType = sourcecode.c.h; path = draw.h; sourceTree = "<group>"; };
		7AF7E9BE176B4FE400F43714 /* DSC.h */ = {isa = PBXFileReference; fileEncoding = 4; lastKnownFileType = sourcecode.c.h; name = DSC.h; path = src/DSC.h; sourceTree = SOURCE_ROOT; };
		7AF7E9C0176B524700F43714 /* is_mesh.h */ = {isa = PBXFileReference; fileEncoding = 4; lastKnownFileType = sourcecode.c.h; name = is_mesh.h; path = is_mesh/is_mesh.h; sourceTree = "<group>"; };
/* End PBXFileReference section */

/* Begin PBXFrameworksBuildPhase section */
		7A0AB5A217D906AD0058910E /* Frameworks */ = {
			isa = PBXFrameworksBuildPhase;
			buildActionMask = 2147483647;
			files = (
			);
			runOnlyForDeploymentPostprocessing = 0;
		};
		7A3438C6183C7A8700829EEB /* Frameworks */ = {
			isa = PBXFrameworksBuildPhase;
			buildActionMask = 2147483647;
			files = (
			);
			runOnlyForDeploymentPostprocessing = 0;
		};
		7A3438D7183C7B2E00829EEB /* Frameworks */ = {
			isa = PBXFrameworksBuildPhase;
			buildActionMask = 2147483647;
			files = (
				7A3438EB183C7BA700829EEB /* libTetGen.a in Frameworks */,
				7AB585A1183D2D6F009A25F1 /* libDSC.a in Frameworks */,
			);
			runOnlyForDeploymentPostprocessing = 0;
		};
		7A9C205617DFB4CB0064171E /* Frameworks */ = {
			isa = PBXFrameworksBuildPhase;
			buildActionMask = 2147483647;
			files = (
			);
			runOnlyForDeploymentPostprocessing = 0;
		};
		7AE27AD317675AE8000F8238 /* Frameworks */ = {
			isa = PBXFrameworksBuildPhase;
			buildActionMask = 2147483647;
			files = (
				7A4AADF918459B99005211B9 /* libCGLA.a in Frameworks */,
			);
			runOnlyForDeploymentPostprocessing = 0;
		};
		7AE27B0217675CDA000F8238 /* Frameworks */ = {
			isa = PBXFrameworksBuildPhase;
			buildActionMask = 2147483647;
			files = (
				7A4AADFB18459CB3005211B9 /* CoreFoundation.framework in Frameworks */,
				7A553EBC17DA6BC400125178 /* libSOIL.a in Frameworks */,
				7AE27B1717675D34000F8238 /* libDSC.a in Frameworks */,
				7AE27B1A17675DA6000F8238 /* OpenGL.framework in Frameworks */,
				7AE27B1917675DA2000F8238 /* GLUT.framework in Frameworks */,
			);
			runOnlyForDeploymentPostprocessing = 0;
		};
/* End PBXFrameworksBuildPhase section */

/* Begin PBXGroup section */
		7A07B9B1176B23A8006589A4 /* ISMesh */ = {
			isa = PBXGroup;
			children = (
				7A4AADFC1845A097005211B9 /* util.h */,
				7A7E67161849010800EFDF1E /* geometry.h */,
				7A7E67151849010800EFDF1E /* geometry.cpp */,
				7A3438C3183C75B100829EEB /* mesh_io.cpp */,
				7A3438C0183C6D2700829EEB /* mesh_io.h */,
				7A3438BF183C6D2700829EEB /* attributes.h */,
				7A45DB8F176E122100B9B388 /* key.h */,
				7A45DB90176E122100B9B388 /* simplex.h */,
				7A45DB95176E122100B9B388 /* simplex_set.h */,
				7A45DB93176E122100B9B388 /* kernel_iterator.h */,
				7A45DB94176E122100B9B388 /* kernel.h */,
				7AF7E9C0176B524700F43714 /* is_mesh.h */,
				7AAC14BE185826F500A7219E /* test.h */,
			);
			name = ISMesh;
			sourceTree = "<group>";
		};
		7A3438CD183C7A9600829EEB /* TetGen */ = {
			isa = PBXGroup;
			children = (
				7A3438CF183C7A9600829EEB /* predicates.cxx */,
				7A3438D1183C7A9600829EEB /* tetgen.cxx */,
				7A3438D2183C7A9600829EEB /* tetgen.h */,
			);
			path = TetGen;
			sourceTree = "<group>";
		};
		7A3438DB183C7B2E00829EEB /* SCGenerator */ = {
			isa = PBXGroup;
			children = (
				7A3438E3183C7B7800829EEB /* generator.cpp */,
				7A3438E6183C7B7800829EEB /* tetralizer.cpp */,
				7A3438E7183C7B7800829EEB /* tetralizer.h */,
			);
			path = SCGenerator;
			sourceTree = "<group>";
		};
		7A38E82917E3B35A0075DC24 /* shaders */ = {
			isa = PBXGroup;
			children = (
				7A0B96D4182F29750004CAF3 /* wire.frag */,
				7A0B96D5182F29750004CAF3 /* wire.geom */,
				7A8967BA1808F3FA00A55FB6 /* line.frag */,
				7A8967BB1808F3FA00A55FB6 /* line.geom */,
				7A8967BC1808F3FA00A55FB6 /* line.vert */,
				7A38E82A17E3B35A0075DC24 /* gouraud.frag */,
				7A38E82B17E3B35A0075DC24 /* gouraud.vert */,
			);
			path = shaders;
			sourceTree = "<group>";
		};
		7A553EC117DA724800125178 /* SOIL */ = {
			isa = PBXGroup;
			children = (
				7ACA21D717DE37C5005E9309 /* stb_image.c */,
				7ACA21D817DE37C5005E9309 /* stb_image.h */,
				7A553EC217DA724800125178 /* image_DXT.c */,
				7A553EC317DA724800125178 /* image_DXT.h */,
				7A553EC417DA724800125178 /* image_helper.c */,
				7A553EC517DA724800125178 /* image_helper.h */,
				7A553EC617DA724800125178 /* SOIL.c */,
				7A553EC717DA724800125178 /* SOIL.h */,
				7A553EC817DA724800125178 /* stb_image_write.c */,
				7A553EC917DA724800125178 /* stb_image_write.h */,
				7A553ECA17DA724800125178 /* stbi_DDS_aug.h */,
				7A553ECB17DA724800125178 /* stbi_DDS_aug_c.h */,
			);
			path = SOIL;
			sourceTree = "<group>";
		};
		7A9C205D17DFB4D40064171E /* CGLA */ = {
			isa = PBXGroup;
			children = (
				7A9C205E17DFB4D40064171E /* ArithMatFloat.h */,
				7A9C205F17DFB4D40064171E /* ArithQuat.h */,
				7A9C206017DFB4D40064171E /* ArithSqMat2x2Float.h */,
				7A9C206117DFB4D40064171E /* ArithSqMat3x3Float.cpp */,
				7A9C206217DFB4D40064171E /* ArithSqMat3x3Float.h */,
				7A9C206317DFB4D40064171E /* ArithSqMat4x4Float.cpp */,
				7A9C206417DFB4D40064171E /* ArithSqMat4x4Float.h */,
				7A9C206517DFB4D40064171E /* ArithSqMatFloat.h */,
				7A9C206617DFB4D40064171E /* ArithVec.h */,
				7A9C206717DFB4D40064171E /* ArithVec2Float.cpp */,
				7A9C206817DFB4D40064171E /* ArithVec2Float.h */,
				7A9C206917DFB4D40064171E /* ArithVec3Float.cpp */,
				7A9C206A17DFB4D40064171E /* ArithVec3Float.h */,
				7A9C206B17DFB4D40064171E /* ArithVec3Int.h */,
				7A9C206C17DFB4D40064171E /* ArithVec4Float.h */,
				7A9C206D17DFB4D40064171E /* ArithVec4Int.h */,
				7A9C206E17DFB4D40064171E /* ArithVecFloat.h */,
				7A9C206F17DFB4D40064171E /* ArithVecInt.h */,
				7A9C207017DFB4D40064171E /* BitMask.h */,
				7A9C207117DFB4D40064171E /* CGLA.h */,
				7A9C207217DFB4D40064171E /* eigensolution.cpp */,
				7A9C207317DFB4D40064171E /* eigensolution.h */,
				7A9C207417DFB4D40064171E /* ExceptionStandard.h */,
				7A9C207517DFB4D40064171E /* gel_rand.cpp */,
				7A9C207617DFB4D40064171E /* Mat2x2d.h */,
				7A9C207717DFB4D40064171E /* Mat2x2f.h */,
				7A9C207817DFB4D40064171E /* Mat2x3d.h */,
				7A9C207917DFB4D40064171E /* Mat2x3f.h */,
				7A9C207A17DFB4D40064171E /* Mat3x3d.cpp */,
				7A9C207B17DFB4D40064171E /* Mat3x3d.h */,
				7A9C207C17DFB4D40064171E /* Mat3x3f.cpp */,
				7A9C207D17DFB4D40064171E /* Mat3x3f.h */,
				7A9C207E17DFB4D40064171E /* Mat4x4d.cpp */,
				7A9C207F17DFB4D40064171E /* Mat4x4d.h */,
				7A9C208017DFB4D40064171E /* Mat4x4f.cpp */,
				7A9C208117DFB4D40064171E /* Mat4x4f.h */,
				7A9C208217DFB4D40064171E /* Quatd.h */,
				7A9C208317DFB4D40064171E /* Quaternion.h */,
				7A9C208417DFB4D40064171E /* Quatf.h */,
				7A9C208517DFB4D40064171E /* statistics.cpp */,
				7A9C208617DFB4D40064171E /* statistics.h */,
				7A9C208717DFB4D40064171E /* TableTrigonometry.cpp */,
				7A9C208817DFB4D40064171E /* TableTrigonometry.h */,
				7A9C208917DFB4D40064171E /* UnitVector.h */,
				7A9C208A17DFB4D40064171E /* Vec2d.h */,
				7A9C208B17DFB4D40064171E /* Vec2f.h */,
				7A9C208C17DFB4D40064171E /* Vec2i.cpp */,
				7A9C208D17DFB4D40064171E /* Vec2i.h */,
				7A9C208E17DFB4D40064171E /* Vec2ui.h */,
				7A9C208F17DFB4D40064171E /* Vec3d.h */,
				7A9C209017DFB4D40064171E /* Vec3f.cpp */,
				7A9C209117DFB4D40064171E /* Vec3f.h */,
				7A9C209217DFB4D40064171E /* Vec3Hf.h */,
				7A9C209317DFB4D40064171E /* Vec3i.cpp */,
				7A9C209417DFB4D40064171E /* Vec3i.h */,
				7A9C209517DFB4D40064171E /* Vec3uc.h */,
				7A9C209617DFB4D40064171E /* Vec3usi.h */,
				7A9C209717DFB4D40064171E /* Vec4d.h */,
				7A9C209817DFB4D40064171E /* Vec4f.h */,
				7A9C209917DFB4D40064171E /* Vec4i.h */,
				7A9C209A17DFB4D40064171E /* Vec4uc.h */,
			);
			path = CGLA;
			sourceTree = "<group>";
		};
		7AE27AAE17675A1E000F8238 = {
			isa = PBXGroup;
			children = (
				7A0AB5C017D9082A0058910E /* CoreFoundation.framework */,
				7AE27AFD17675B78000F8238 /* GLUT.framework */,
				7AE27AFB17675B70000F8238 /* OpenGL.framework */,
				7A3438CD183C7A9600829EEB /* TetGen */,
				7A9C205D17DFB4D40064171E /* CGLA */,
				7A553EC117DA724800125178 /* SOIL */,
				7A07B9B1176B23A8006589A4 /* ISMesh */,
				7AE27AB917675A1E000F8238 /* DSC */,
				7A38E82917E3B35A0075DC24 /* shaders */,
				7AE27B0E17675CEA000F8238 /* DEMO */,
				7A3438DB183C7B2E00829EEB /* SCGenerator */,
				7AE27AB817675A1E000F8238 /* Products */,
			);
			sourceTree = "<group>";
		};
		7AE27AB817675A1E000F8238 /* Products */ = {
			isa = PBXGroup;
			children = (
				7AE27AD617675AE8000F8238 /* libDSC.a */,
				7AE27B0517675CDA000F8238 /* DEMO */,
				7A0AB5A517D906AD0058910E /* libSOIL.a */,
				7A9C205917DFB4CB0064171E /* libCGLA.a */,
				7A3438C9183C7A8700829EEB /* libTetGen.a */,
				7A3438DA183C7B2E00829EEB /* SCGenerator */,
			);
			name = Products;
			sourceTree = "<group>";
		};
		7AE27AB917675A1E000F8238 /* DSC */ = {
			isa = PBXGroup;
			children = (
				7AE27AE917675B04000F8238 /* velocity_function.h */,
				7AF7E9BE176B4FE400F43714 /* DSC.h */,
			);
			path = DSC;
			sourceTree = "<group>";
		};
		7AE27B0E17675CEA000F8238 /* DEMO */ = {
			isa = PBXGroup;
			children = (
				7A470AE117F51DC3001FC0CB /* log.cpp */,
				7A470AE217F51DC3001FC0CB /* log.h */,
				7AE27B1117675CEA000F8238 /* demo.cpp */,
				7AF7E9BC176B412900F43714 /* draw.h */,
				7AF7E9BB176B412900F43714 /* draw.cpp */,
				7AF7E9B9176B402200F43714 /* user_interface.h */,
				7AF7E9B8176B402200F43714 /* user_interface.cpp */,
				7AE27B0F17675CEA000F8238 /* average_function.h */,
				7AE27B1317675CEA000F8238 /* normal_function.h */,
				7AE27B1417675CEA000F8238 /* rotate_function.h */,
			);
			path = DEMO;
			sourceTree = "<group>";
		};
/* End PBXGroup section */

/* Begin PBXHeadersBuildPhase section */
		7A0AB5A317D906AD0058910E /* Headers */ = {
			isa = PBXHeadersBuildPhase;
			buildActionMask = 2147483647;
			files = (
				7A553ECD17DA724800125178 /* image_DXT.h in Headers */,
				7A553ECF17DA724800125178 /* image_helper.h in Headers */,
				7A553ED117DA724800125178 /* SOIL.h in Headers */,
				7A553ED317DA724800125178 /* stb_image_write.h in Headers */,
				7A553ED417DA724800125178 /* stbi_DDS_aug.h in Headers */,
				7A553ED517DA724800125178 /* stbi_DDS_aug_c.h in Headers */,
				7ACA21DA17DE37C5005E9309 /* stb_image.h in Headers */,
			);
			runOnlyForDeploymentPostprocessing = 0;
		};
		7A3438C7183C7A8700829EEB /* Headers */ = {
			isa = PBXHeadersBuildPhase;
			buildActionMask = 2147483647;
			files = (
				7A3438D5183C7A9600829EEB /* tetgen.h in Headers */,
			);
			runOnlyForDeploymentPostprocessing = 0;
		};
		7A9C205717DFB4CB0064171E /* Headers */ = {
			isa = PBXHeadersBuildPhase;
			buildActionMask = 2147483647;
			files = (
				7A9C209B17DFB4D40064171E /* ArithMatFloat.h in Headers */,
				7A9C209C17DFB4D40064171E /* ArithQuat.h in Headers */,
				7A9C209D17DFB4D40064171E /* ArithSqMat2x2Float.h in Headers */,
				7A9C209F17DFB4D40064171E /* ArithSqMat3x3Float.h in Headers */,
				7A9C20A117DFB4D40064171E /* ArithSqMat4x4Float.h in Headers */,
				7A9C20A217DFB4D40064171E /* ArithSqMatFloat.h in Headers */,
				7A9C20A317DFB4D40064171E /* ArithVec.h in Headers */,
				7A9C20A517DFB4D40064171E /* ArithVec2Float.h in Headers */,
				7A9C20A717DFB4D40064171E /* ArithVec3Float.h in Headers */,
				7A9C20A817DFB4D40064171E /* ArithVec3Int.h in Headers */,
				7A9C20A917DFB4D40064171E /* ArithVec4Float.h in Headers */,
				7A9C20AA17DFB4D40064171E /* ArithVec4Int.h in Headers */,
				7A9C20AB17DFB4D40064171E /* ArithVecFloat.h in Headers */,
				7A9C20AC17DFB4D40064171E /* ArithVecInt.h in Headers */,
				7A9C20AD17DFB4D40064171E /* BitMask.h in Headers */,
				7A9C20AE17DFB4D40064171E /* CGLA.h in Headers */,
				7A9C20B017DFB4D40064171E /* eigensolution.h in Headers */,
				7A9C20B117DFB4D40064171E /* ExceptionStandard.h in Headers */,
				7A9C20B317DFB4D40064171E /* Mat2x2d.h in Headers */,
				7A9C20B417DFB4D40064171E /* Mat2x2f.h in Headers */,
				7A9C20B517DFB4D40064171E /* Mat2x3d.h in Headers */,
				7A9C20B617DFB4D40064171E /* Mat2x3f.h in Headers */,
				7A9C20B817DFB4D40064171E /* Mat3x3d.h in Headers */,
				7A9C20BA17DFB4D40064171E /* Mat3x3f.h in Headers */,
				7A9C20BC17DFB4D40064171E /* Mat4x4d.h in Headers */,
				7A9C20BE17DFB4D40064171E /* Mat4x4f.h in Headers */,
				7A9C20BF17DFB4D40064171E /* Quatd.h in Headers */,
				7A9C20C017DFB4D40064171E /* Quaternion.h in Headers */,
				7A9C20C117DFB4D40064171E /* Quatf.h in Headers */,
				7A9C20C317DFB4D40064171E /* statistics.h in Headers */,
				7A9C20C517DFB4D40064171E /* TableTrigonometry.h in Headers */,
				7A9C20C617DFB4D40064171E /* UnitVector.h in Headers */,
				7A9C20C717DFB4D40064171E /* Vec2d.h in Headers */,
				7A9C20C817DFB4D40064171E /* Vec2f.h in Headers */,
				7A9C20CA17DFB4D40064171E /* Vec2i.h in Headers */,
				7A9C20CB17DFB4D40064171E /* Vec2ui.h in Headers */,
				7A9C20CC17DFB4D40064171E /* Vec3d.h in Headers */,
				7A9C20CE17DFB4D40064171E /* Vec3f.h in Headers */,
				7A9C20CF17DFB4D40064171E /* Vec3Hf.h in Headers */,
				7A9C20D117DFB4D40064171E /* Vec3i.h in Headers */,
				7A9C20D217DFB4D40064171E /* Vec3uc.h in Headers */,
				7A9C20D317DFB4D40064171E /* Vec3usi.h in Headers */,
				7A9C20D417DFB4D40064171E /* Vec4d.h in Headers */,
				7A9C20D517DFB4D40064171E /* Vec4f.h in Headers */,
				7A9C20D617DFB4D40064171E /* Vec4i.h in Headers */,
				7A9C20D717DFB4D40064171E /* Vec4uc.h in Headers */,
			);
			runOnlyForDeploymentPostprocessing = 0;
		};
		7AE27AD417675AE8000F8238 /* Headers */ = {
			isa = PBXHeadersBuildPhase;
			buildActionMask = 2147483647;
			files = (
				7AAC14BF185826F500A7219E /* test.h in Headers */,
				7AE27AF917675B04000F8238 /* velocity_function.h in Headers */,
				7AF7E9BF176B4FE400F43714 /* DSC.h in Headers */,
				7AF7E9C1176B524700F43714 /* is_mesh.h in Headers */,
				7A3438C1183C6D2700829EEB /* attributes.h in Headers */,
				7A45DB9C176E122100B9B388 /* key.h in Headers */,
				7A45DB9D176E122100B9B388 /* simplex.h in Headers */,
				7A7E67181849010800EFDF1E /* geometry.h in Headers */,
				7A4AADFD1845A097005211B9 /* util.h in Headers */,
				7A45DBA0176E122100B9B388 /* kernel_iterator.h in Headers */,
				7A3438C2183C6D2700829EEB /* mesh_io.h in Headers */,
				7A45DBA1176E122100B9B388 /* kernel.h in Headers */,
				7A45DBA2176E122100B9B388 /* simplex_set.h in Headers */,
			);
			runOnlyForDeploymentPostprocessing = 0;
		};
/* End PBXHeadersBuildPhase section */

/* Begin PBXNativeTarget section */
		7A0AB5A417D906AD0058910E /* SOIL */ = {
			isa = PBXNativeTarget;
			buildConfigurationList = 7A0AB5A817D906AD0058910E /* Build configuration list for PBXNativeTarget "SOIL" */;
			buildPhases = (
				7A0AB5A117D906AD0058910E /* Sources */,
				7A0AB5A217D906AD0058910E /* Frameworks */,
				7A0AB5A317D906AD0058910E /* Headers */,
			);
			buildRules = (
			);
			dependencies = (
			);
			name = SOIL;
			productName = SOIL;
			productReference = 7A0AB5A517D906AD0058910E /* libSOIL.a */;
			productType = "com.apple.product-type.library.static";
		};
		7A3438C8183C7A8700829EEB /* TetGen */ = {
			isa = PBXNativeTarget;
			buildConfigurationList = 7A3438CA183C7A8700829EEB /* Build configuration list for PBXNativeTarget "TetGen" */;
			buildPhases = (
				7A3438C5183C7A8700829EEB /* Sources */,
				7A3438C6183C7A8700829EEB /* Frameworks */,
				7A3438C7183C7A8700829EEB /* Headers */,
			);
			buildRules = (
			);
			dependencies = (
			);
			name = TetGen;
			productName = TetGen;
			productReference = 7A3438C9183C7A8700829EEB /* libTetGen.a */;
			productType = "com.apple.product-type.library.static";
		};
		7A3438D9183C7B2E00829EEB /* SCGenerator */ = {
			isa = PBXNativeTarget;
			buildConfigurationList = 7A3438E0183C7B2E00829EEB /* Build configuration list for PBXNativeTarget "SCGenerator" */;
			buildPhases = (
				7A3438D6183C7B2E00829EEB /* Sources */,
				7A3438D7183C7B2E00829EEB /* Frameworks */,
				7A3438D8183C7B2E00829EEB /* CopyFiles */,
			);
			buildRules = (
			);
			dependencies = (
			);
			name = SCGenerator;
			productName = SCGenerator;
			productReference = 7A3438DA183C7B2E00829EEB /* SCGenerator */;
			productType = "com.apple.product-type.tool";
		};
		7A9C205817DFB4CB0064171E /* CGLA */ = {
			isa = PBXNativeTarget;
			buildConfigurationList = 7A9C205A17DFB4CB0064171E /* Build configuration list for PBXNativeTarget "CGLA" */;
			buildPhases = (
				7A9C205517DFB4CB0064171E /* Sources */,
				7A9C205617DFB4CB0064171E /* Frameworks */,
				7A9C205717DFB4CB0064171E /* Headers */,
			);
			buildRules = (
			);
			dependencies = (
			);
			name = CGLA;
			productName = CGLA;
			productReference = 7A9C205917DFB4CB0064171E /* libCGLA.a */;
			productType = "com.apple.product-type.library.static";
		};
		7AE27AD517675AE8000F8238 /* DSC */ = {
			isa = PBXNativeTarget;
			buildConfigurationList = 7AE27AD717675AE8000F8238 /* Build configuration list for PBXNativeTarget "DSC" */;
			buildPhases = (
				7AE27AD217675AE8000F8238 /* Sources */,
				7AE27AD317675AE8000F8238 /* Frameworks */,
				7AE27AD417675AE8000F8238 /* Headers */,
			);
			buildRules = (
			);
			dependencies = (
			);
			name = DSC;
			productName = DSC;
			productReference = 7AE27AD617675AE8000F8238 /* libDSC.a */;
			productType = "com.apple.product-type.library.static";
		};
		7AE27B0417675CDA000F8238 /* DEMO */ = {
			isa = PBXNativeTarget;
			buildConfigurationList = 7AE27B0B17675CDA000F8238 /* Build configuration list for PBXNativeTarget "DEMO" */;
			buildPhases = (
				7AE27B0117675CDA000F8238 /* Sources */,
				7AE27B0217675CDA000F8238 /* Frameworks */,
				7AE27B0317675CDA000F8238 /* CopyFiles */,
			);
			buildRules = (
			);
			dependencies = (
			);
			name = DEMO;
			productName = DEMO;
			productReference = 7AE27B0517675CDA000F8238 /* DEMO */;
			productType = "com.apple.product-type.tool";
		};
/* End PBXNativeTarget section */

/* Begin PBXProject section */
		7AE27AAF17675A1E000F8238 /* Project object */ = {
			isa = PBXProject;
			attributes = {
				LastUpgradeCheck = 0500;
				ORGANIZATIONNAME = "Asger Nyman Christiansen";
			};
			buildConfigurationList = 7AE27AB217675A1E000F8238 /* Build configuration list for PBXProject "DSC" */;
			compatibilityVersion = "Xcode 3.2";
			developmentRegion = English;
			hasScannedForEncodings = 0;
			knownRegions = (
				en,
			);
			mainGroup = 7AE27AAE17675A1E000F8238;
			productRefGroup = 7AE27AB817675A1E000F8238 /* Products */;
			projectDirPath = "";
			projectRoot = "";
			targets = (
				7A9C205817DFB4CB0064171E /* CGLA */,
				7AE27AD517675AE8000F8238 /* DSC */,
				7A0AB5A417D906AD0058910E /* SOIL */,
				7AE27B0417675CDA000F8238 /* DEMO */,
				7A3438C8183C7A8700829EEB /* TetGen */,
				7A3438D9183C7B2E00829EEB /* SCGenerator */,
			);
		};
/* End PBXProject section */

/* Begin PBXSourcesBuildPhase section */
		7A0AB5A117D906AD0058910E /* Sources */ = {
			isa = PBXSourcesBuildPhase;
			buildActionMask = 2147483647;
			files = (
				7A553ECC17DA724800125178 /* image_DXT.c in Sources */,
				7A553ECE17DA724800125178 /* image_helper.c in Sources */,
				7A553ED017DA724800125178 /* SOIL.c in Sources */,
				7A553ED217DA724800125178 /* stb_image_write.c in Sources */,
				7ACA21D917DE37C5005E9309 /* stb_image.c in Sources */,
			);
			runOnlyForDeploymentPostprocessing = 0;
		};
		7A3438C5183C7A8700829EEB /* Sources */ = {
			isa = PBXSourcesBuildPhase;
			buildActionMask = 2147483647;
			files = (
				7A3438D4183C7A9600829EEB /* tetgen.cxx in Sources */,
				7A3438D3183C7A9600829EEB /* predicates.cxx in Sources */,
			);
			runOnlyForDeploymentPostprocessing = 0;
		};
		7A3438D6183C7B2E00829EEB /* Sources */ = {
			isa = PBXSourcesBuildPhase;
			buildActionMask = 2147483647;
			files = (
				7A3438E8183C7B7800829EEB /* generator.cpp in Sources */,
				7A3438EA183C7B7800829EEB /* tetralizer.cpp in Sources */,
			);
			runOnlyForDeploymentPostprocessing = 0;
		};
		7A9C205517DFB4CB0064171E /* Sources */ = {
			isa = PBXSourcesBuildPhase;
			buildActionMask = 2147483647;
			files = (
				7A9C209E17DFB4D40064171E /* ArithSqMat3x3Float.cpp in Sources */,
				7A9C20A017DFB4D40064171E /* ArithSqMat4x4Float.cpp in Sources */,
				7A8967BF1808F3FA00A55FB6 /* line.vert in Sources */,
				7A9C20A417DFB4D40064171E /* ArithVec2Float.cpp in Sources */,
				7A9C20A617DFB4D40064171E /* ArithVec3Float.cpp in Sources */,
				7A9C20AF17DFB4D40064171E /* eigensolution.cpp in Sources */,
				7A9C20B217DFB4D40064171E /* gel_rand.cpp in Sources */,
				7A8967BE1808F3FA00A55FB6 /* line.geom in Sources */,
				7A9C20B717DFB4D40064171E /* Mat3x3d.cpp in Sources */,
				7A9C20B917DFB4D40064171E /* Mat3x3f.cpp in Sources */,
				7A9C20BB17DFB4D40064171E /* Mat4x4d.cpp in Sources */,
				7A9C20BD17DFB4D40064171E /* Mat4x4f.cpp in Sources */,
				7A9C20C217DFB4D40064171E /* statistics.cpp in Sources */,
				7A9C20C417DFB4D40064171E /* TableTrigonometry.cpp in Sources */,
				7A9C20C917DFB4D40064171E /* Vec2i.cpp in Sources */,
				7A9C20CD17DFB4D40064171E /* Vec3f.cpp in Sources */,
				7A9C20D017DFB4D40064171E /* Vec3i.cpp in Sources */,
				7A8967BD1808F3FA00A55FB6 /* line.frag in Sources */,
			);
			runOnlyForDeploymentPostprocessing = 0;
		};
		7AE27AD217675AE8000F8238 /* Sources */ = {
			isa = PBXSourcesBuildPhase;
			buildActionMask = 2147483647;
			files = (
				7A3438C4183C75B100829EEB /* mesh_io.cpp in Sources */,
				7A7E67171849010800EFDF1E /* geometry.cpp in Sources */,
			);
			runOnlyForDeploymentPostprocessing = 0;
		};
		7AE27B0117675CDA000F8238 /* Sources */ = {
			isa = PBXSourcesBuildPhase;
			buildActionMask = 2147483647;
			files = (
				7AE27B1517675CEA000F8238 /* demo.cpp in Sources */,
				7AF7E9BA176B402200F43714 /* user_interface.cpp in Sources */,
				7A470AE317F51DC3001FC0CB /* log.cpp in Sources */,
				7AF7E9BD176B412900F43714 /* draw.cpp in Sources */,
			);
			runOnlyForDeploymentPostprocessing = 0;
		};
/* End PBXSourcesBuildPhase section */

/* Begin XCBuildConfiguration section */
		7A0AB5A617D906AD0058910E /* Debug */ = {
			isa = XCBuildConfiguration;
			buildSettings = {
				EXECUTABLE_PREFIX = lib;
				FRAMEWORK_SEARCH_PATHS = "";
				PRODUCT_NAME = "$(TARGET_NAME)";
			};
			name = Debug;
		};
		7A0AB5A717D906AD0058910E /* Release */ = {
			isa = XCBuildConfiguration;
			buildSettings = {
				EXECUTABLE_PREFIX = lib;
				FRAMEWORK_SEARCH_PATHS = "";
				PRODUCT_NAME = "$(TARGET_NAME)";
			};
			name = Release;
		};
		7A3438CB183C7A8700829EEB /* Debug */ = {
			isa = XCBuildConfiguration;
			buildSettings = {
				CLANG_WARN_BOOL_CONVERSION = YES;
				CLANG_WARN_DIRECT_OBJC_ISA_USAGE = YES_ERROR;
				CLANG_WARN_OBJC_ROOT_CLASS = YES_ERROR;
				EXECUTABLE_PREFIX = lib;
				GCC_PREPROCESSOR_DEFINITIONS = (
					"DEBUG=1",
					"$(inherited)",
				);
				GCC_WARN_ABOUT_RETURN_TYPE = YES_ERROR;
				GCC_WARN_UNDECLARED_SELECTOR = YES;
				GCC_WARN_UNUSED_FUNCTION = YES;
				MACOSX_DEPLOYMENT_TARGET = 10.9;
				PRODUCT_NAME = "$(TARGET_NAME)";
			};
			name = Debug;
		};
		7A3438CC183C7A8700829EEB /* Release */ = {
			isa = XCBuildConfiguration;
			buildSettings = {
				CLANG_WARN_BOOL_CONVERSION = YES;
				CLANG_WARN_DIRECT_OBJC_ISA_USAGE = YES_ERROR;
				CLANG_WARN_OBJC_ROOT_CLASS = YES_ERROR;
				ENABLE_NS_ASSERTIONS = NO;
				EXECUTABLE_PREFIX = lib;
				GCC_WARN_ABOUT_RETURN_TYPE = YES_ERROR;
				GCC_WARN_UNDECLARED_SELECTOR = YES;
				GCC_WARN_UNUSED_FUNCTION = YES;
				MACOSX_DEPLOYMENT_TARGET = 10.9;
				PRODUCT_NAME = "$(TARGET_NAME)";
			};
			name = Release;
		};
		7A3438E1183C7B2E00829EEB /* Debug */ = {
			isa = XCBuildConfiguration;
			buildSettings = {
				CLANG_WARN_BOOL_CONVERSION = YES;
				CLANG_WARN_DIRECT_OBJC_ISA_USAGE = YES_ERROR;
				CLANG_WARN_OBJC_ROOT_CLASS = YES_ERROR;
				GCC_PREPROCESSOR_DEFINITIONS = (
					"DEBUG=1",
					"$(inherited)",
				);
				GCC_WARN_ABOUT_RETURN_TYPE = YES_ERROR;
				GCC_WARN_UNDECLARED_SELECTOR = YES;
				GCC_WARN_UNUSED_FUNCTION = YES;
				HEADER_SEARCH_PATHS = (
					"$(inherited)",
					.,
				);
				MACOSX_DEPLOYMENT_TARGET = 10.9;
				PRODUCT_NAME = "$(TARGET_NAME)";
			};
			name = Debug;
		};
		7A3438E2183C7B2E00829EEB /* Release */ = {
			isa = XCBuildConfiguration;
			buildSettings = {
				CLANG_WARN_BOOL_CONVERSION = YES;
				CLANG_WARN_DIRECT_OBJC_ISA_USAGE = YES_ERROR;
				CLANG_WARN_OBJC_ROOT_CLASS = YES_ERROR;
				ENABLE_NS_ASSERTIONS = NO;
				GCC_WARN_ABOUT_RETURN_TYPE = YES_ERROR;
				GCC_WARN_UNDECLARED_SELECTOR = YES;
				GCC_WARN_UNUSED_FUNCTION = YES;
				HEADER_SEARCH_PATHS = (
					"$(inherited)",
					.,
				);
				MACOSX_DEPLOYMENT_TARGET = 10.9;
				PRODUCT_NAME = "$(TARGET_NAME)";
			};
			name = Release;
		};
		7A9C205B17DFB4CB0064171E /* Debug */ = {
			isa = XCBuildConfiguration;
			buildSettings = {
				EXECUTABLE_PREFIX = lib;
				PRODUCT_NAME = "$(TARGET_NAME)";
			};
			name = Debug;
		};
		7A9C205C17DFB4CB0064171E /* Release */ = {
			isa = XCBuildConfiguration;
			buildSettings = {
				EXECUTABLE_PREFIX = lib;
				PRODUCT_NAME = "$(TARGET_NAME)";
			};
			name = Release;
		};
		7AE27ABE17675A1E000F8238 /* Debug */ = {
			isa = XCBuildConfiguration;
			buildSettings = {
				ALWAYS_SEARCH_USER_PATHS = NO;
				CLANG_CXX_LANGUAGE_STANDARD = "gnu++0x";
				CLANG_CXX_LIBRARY = "libc++";
				CLANG_ENABLE_OBJC_ARC = YES;
				CLANG_WARN_CONSTANT_CONVERSION = YES;
				CLANG_WARN_EMPTY_BODY = YES;
				CLANG_WARN_ENUM_CONVERSION = YES;
				CLANG_WARN_INT_CONVERSION = YES;
				CLANG_WARN__DUPLICATE_METHOD_MATCH = YES;
				COPY_PHASE_STRIP = NO;
				GCC_C_LANGUAGE_STANDARD = gnu99;
				GCC_DYNAMIC_NO_PIC = NO;
				GCC_ENABLE_OBJC_EXCEPTIONS = YES;
				GCC_OPTIMIZATION_LEVEL = 0;
				GCC_PREPROCESSOR_DEFINITIONS = (
					"DEBUG=1",
					"$(inherited)",
				);
				GCC_SYMBOLS_PRIVATE_EXTERN = NO;
				GCC_WARN_64_TO_32_BIT_CONVERSION = YES;
				GCC_WARN_ABOUT_RETURN_TYPE = YES;
				GCC_WARN_UNINITIALIZED_AUTOS = YES;
				GCC_WARN_UNUSED_VARIABLE = YES;
				MACOSX_DEPLOYMENT_TARGET = 10.8;
				ONLY_ACTIVE_ARCH = YES;
				SDKROOT = macosx;
			};
			name = Debug;
		};
		7AE27ABF17675A1E000F8238 /* Release */ = {
			isa = XCBuildConfiguration;
			buildSettings = {
				ALWAYS_SEARCH_USER_PATHS = NO;
				CLANG_CXX_LANGUAGE_STANDARD = "gnu++0x";
				CLANG_CXX_LIBRARY = "libc++";
				CLANG_ENABLE_OBJC_ARC = YES;
				CLANG_WARN_CONSTANT_CONVERSION = YES;
				CLANG_WARN_EMPTY_BODY = YES;
				CLANG_WARN_ENUM_CONVERSION = YES;
				CLANG_WARN_INT_CONVERSION = YES;
				CLANG_WARN__DUPLICATE_METHOD_MATCH = YES;
				COPY_PHASE_STRIP = YES;
				DEBUG_INFORMATION_FORMAT = "dwarf-with-dsym";
				GCC_C_LANGUAGE_STANDARD = gnu99;
				GCC_ENABLE_OBJC_EXCEPTIONS = YES;
				GCC_WARN_64_TO_32_BIT_CONVERSION = YES;
				GCC_WARN_ABOUT_RETURN_TYPE = YES;
				GCC_WARN_UNINITIALIZED_AUTOS = YES;
				GCC_WARN_UNUSED_VARIABLE = YES;
				MACOSX_DEPLOYMENT_TARGET = 10.8;
				SDKROOT = macosx;
			};
			name = Release;
		};
		7AE27AD817675AE8000F8238 /* Debug */ = {
			isa = XCBuildConfiguration;
			buildSettings = {
				EXECUTABLE_PREFIX = lib;
				FRAMEWORK_SEARCH_PATHS = "";
				GCC_WARN_UNUSED_FUNCTION = YES;
				HEADER_SEARCH_PATHS = .;
				PRODUCT_NAME = "$(TARGET_NAME)";
			};
			name = Debug;
		};
		7AE27AD917675AE8000F8238 /* Release */ = {
			isa = XCBuildConfiguration;
			buildSettings = {
				EXECUTABLE_PREFIX = lib;
				FRAMEWORK_SEARCH_PATHS = "";
				GCC_WARN_UNUSED_FUNCTION = YES;
				HEADER_SEARCH_PATHS = .;
				PRODUCT_NAME = "$(TARGET_NAME)";
			};
			name = Release;
		};
		7AE27B0C17675CDA000F8238 /* Debug */ = {
			isa = XCBuildConfiguration;
			buildSettings = {
				FRAMEWORK_SEARCH_PATHS = "";
				GCC_WARN_ABOUT_MISSING_NEWLINE = YES;
				GCC_WARN_PEDANTIC = NO;
				GCC_WARN_UNUSED_FUNCTION = YES;
				GCC_WARN_UNUSED_LABEL = YES;
				GCC_WARN_UNUSED_PARAMETER = NO;
				HEADER_SEARCH_PATHS = (
					.,
					/usr/local/include/,
				);
				LIBRARY_SEARCH_PATHS = /usr/local/lib/;
				PRODUCT_NAME = "$(TARGET_NAME)";
			};
			name = Debug;
		};
		7AE27B0D17675CDA000F8238 /* Release */ = {
			isa = XCBuildConfiguration;
			buildSettings = {
				FRAMEWORK_SEARCH_PATHS = "";
				GCC_WARN_ABOUT_MISSING_NEWLINE = YES;
				GCC_WARN_PEDANTIC = NO;
				GCC_WARN_UNUSED_FUNCTION = YES;
				GCC_WARN_UNUSED_LABEL = YES;
				GCC_WARN_UNUSED_PARAMETER = NO;
				HEADER_SEARCH_PATHS = (
					.,
					/usr/local/include/,
				);
				LIBRARY_SEARCH_PATHS = /usr/local/lib/;
				PRODUCT_NAME = "$(TARGET_NAME)";
			};
			name = Release;
		};
/* End XCBuildConfiguration section */

/* Begin XCConfigurationList section */
		7A0AB5A817D906AD0058910E /* Build configuration list for PBXNativeTarget "SOIL" */ = {
			isa = XCConfigurationList;
			buildConfigurations = (
				7A0AB5A617D906AD0058910E /* Debug */,
				7A0AB5A717D906AD0058910E /* Release */,
			);
			defaultConfigurationIsVisible = 0;
			defaultConfigurationName = Release;
		};
		7A3438CA183C7A8700829EEB /* Build configuration list for PBXNativeTarget "TetGen" */ = {
			isa = XCConfigurationList;
			buildConfigurations = (
				7A3438CB183C7A8700829EEB /* Debug */,
				7A3438CC183C7A8700829EEB /* Release */,
			);
			defaultConfigurationIsVisible = 0;
			defaultConfigurationName = Release;
		};
		7A3438E0183C7B2E00829EEB /* Build configuration list for PBXNativeTarget "SCGenerator" */ = {
			isa = XCConfigurationList;
			buildConfigurations = (
				7A3438E1183C7B2E00829EEB /* Debug */,
				7A3438E2183C7B2E00829EEB /* Release */,
			);
			defaultConfigurationIsVisible = 0;
			defaultConfigurationName = Release;
		};
		7A9C205A17DFB4CB0064171E /* Build configuration list for PBXNativeTarget "CGLA" */ = {
			isa = XCConfigurationList;
			buildConfigurations = (
				7A9C205B17DFB4CB0064171E /* Debug */,
				7A9C205C17DFB4CB0064171E /* Release */,
			);
			defaultConfigurationIsVisible = 0;
			defaultConfigurationName = Release;
		};
		7AE27AB217675A1E000F8238 /* Build configuration list for PBXProject "DSC" */ = {
			isa = XCConfigurationList;
			buildConfigurations = (
				7AE27ABE17675A1E000F8238 /* Debug */,
				7AE27ABF17675A1E000F8238 /* Release */,
			);
			defaultConfigurationIsVisible = 0;
			defaultConfigurationName = Release;
		};
		7AE27AD717675AE8000F8238 /* Build configuration list for PBXNativeTarget "DSC" */ = {
			isa = XCConfigurationList;
			buildConfigurations = (
				7AE27AD817675AE8000F8238 /* Debug */,
				7AE27AD917675AE8000F8238 /* Release */,
			);
			defaultConfigurationIsVisible = 0;
			defaultConfigurationName = Release;
		};
		7AE27B0B17675CDA000F8238 /* Build configuration list for PBXNativeTarget "DEMO" */ = {
			isa = XCConfigurationList;
			buildConfigurations = (
				7AE27B0C17675CDA000F8238 /* Debug */,
				7AE27B0D17675CDA000F8238 /* Release */,
			);
			defaultConfigurationIsVisible = 0;
			defaultConfigurationName = Release;
		};
/* End XCConfigurationList section */
	};
	rootObject = 7AE27AAF17675A1E000F8238 /* Project object */;
}
